// !$*UTF8*$!
{
	archiveVersion = 1;
	classes = {
	};
	objectVersion = 46;
	objects = {

/* Begin PBXBuildFile section */
		0083B56515D3F0D0007AA170 /* BraingleTests.h in Resources */ = {isa = PBXBuildFile; fileRef = 30C64E9C15D3A51600499319 /* BraingleTests.h */; };
		306391E315DFACCE00901C7A /* SenTestingKit.framework in Frameworks */ = {isa = PBXBuildFile; fileRef = 30C64E9015D3A51600499319 /* SenTestingKit.framework */; };
		306391E415DFACCE00901C7A /* UIKit.framework in Frameworks */ = {isa = PBXBuildFile; fileRef = 30C64E6615D3A51500499319 /* UIKit.framework */; };
		306391E515DFACCE00901C7A /* Foundation.framework in Frameworks */ = {isa = PBXBuildFile; fileRef = 30C64E6815D3A51500499319 /* Foundation.framework */; };
		306391EB15DFACCE00901C7A /* InfoPlist.strings in Resources */ = {isa = PBXBuildFile; fileRef = 306391E915DFACCE00901C7A /* InfoPlist.strings */; };
		306391EE15DFACCE00901C7A /* BraingleLogicTests.m in Sources */ = {isa = PBXBuildFile; fileRef = 306391ED15DFACCE00901C7A /* BraingleLogicTests.m */; };
		30A6EFAE15D3A8EB0090C88D /* BrainTeaserViewController.m in Sources */ = {isa = PBXBuildFile; fileRef = 30A6EF9C15D3A8EB0090C88D /* BrainTeaserViewController.m */; };
		30A6EFAF15D3A8EB0090C88D /* BrainTeaserViewController_iPad.xib in Resources */ = {isa = PBXBuildFile; fileRef = 30A6EF9D15D3A8EB0090C88D /* BrainTeaserViewController_iPad.xib */; };
		30A6EFB015D3A8EB0090C88D /* BrainTeaserViewController_iPhone.xib in Resources */ = {isa = PBXBuildFile; fileRef = 30A6EF9E15D3A8EB0090C88D /* BrainTeaserViewController_iPhone.xib */; };
		30A6EFB115D3A8EB0090C88D /* DetailViewController.m in Sources */ = {isa = PBXBuildFile; fileRef = 30A6EFA115D3A8EB0090C88D /* DetailViewController.m */; };
		30A6EFB215D3A8EB0090C88D /* DetailViewController_iPad.xib in Resources */ = {isa = PBXBuildFile; fileRef = 30A6EFA215D3A8EB0090C88D /* DetailViewController_iPad.xib */; };
		30A6EFB315D3A8EB0090C88D /* DetailViewController_iPhone.xib in Resources */ = {isa = PBXBuildFile; fileRef = 30A6EFA315D3A8EB0090C88D /* DetailViewController_iPhone.xib */; };
		30A6EFB415D3A8EB0090C88D /* InfoViewController.m in Sources */ = {isa = PBXBuildFile; fileRef = 30A6EFA615D3A8EB0090C88D /* InfoViewController.m */; };
		30A6EFB515D3A8EB0090C88D /* InfoViewController_iPad.xib in Resources */ = {isa = PBXBuildFile; fileRef = 30A6EFA715D3A8EB0090C88D /* InfoViewController_iPad.xib */; };
		30A6EFB615D3A8EB0090C88D /* InfoViewController_iPhone.xib in Resources */ = {isa = PBXBuildFile; fileRef = 30A6EFA815D3A8EB0090C88D /* InfoViewController_iPhone.xib */; };
		30A6EFB715D3A8EB0090C88D /* MasterViewController.m in Sources */ = {isa = PBXBuildFile; fileRef = 30A6EFAB15D3A8EB0090C88D /* MasterViewController.m */; };
		30A6EFB815D3A8EB0090C88D /* MasterViewController_iPad.xib in Resources */ = {isa = PBXBuildFile; fileRef = 30A6EFAC15D3A8EB0090C88D /* MasterViewController_iPad.xib */; };
		30A6EFB915D3A8EB0090C88D /* MasterViewController_iPhone.xib in Resources */ = {isa = PBXBuildFile; fileRef = 30A6EFAD15D3A8EB0090C88D /* MasterViewController_iPhone.xib */; };
		30C64E6715D3A51500499319 /* UIKit.framework in Frameworks */ = {isa = PBXBuildFile; fileRef = 30C64E6615D3A51500499319 /* UIKit.framework */; };
		30C64E6915D3A51500499319 /* Foundation.framework in Frameworks */ = {isa = PBXBuildFile; fileRef = 30C64E6815D3A51500499319 /* Foundation.framework */; };
		30C64E6B15D3A51500499319 /* CoreGraphics.framework in Frameworks */ = {isa = PBXBuildFile; fileRef = 30C64E6A15D3A51500499319 /* CoreGraphics.framework */; };
		30C64E7115D3A51500499319 /* InfoPlist.strings in Resources */ = {isa = PBXBuildFile; fileRef = 30C64E6F15D3A51500499319 /* InfoPlist.strings */; };
		30C64E7315D3A51500499319 /* main.m in Sources */ = {isa = PBXBuildFile; fileRef = 30C64E7215D3A51500499319 /* main.m */; };
		30C64E9115D3A51600499319 /* SenTestingKit.framework in Frameworks */ = {isa = PBXBuildFile; fileRef = 30C64E9015D3A51600499319 /* SenTestingKit.framework */; };
		30C64E9215D3A51600499319 /* UIKit.framework in Frameworks */ = {isa = PBXBuildFile; fileRef = 30C64E6615D3A51500499319 /* UIKit.framework */; };
		30C64E9315D3A51600499319 /* Foundation.framework in Frameworks */ = {isa = PBXBuildFile; fileRef = 30C64E6815D3A51500499319 /* Foundation.framework */; };
		30C64E9B15D3A51600499319 /* InfoPlist.strings in Resources */ = {isa = PBXBuildFile; fileRef = 30C64E9915D3A51600499319 /* InfoPlist.strings */; };
		30C64E9E15D3A51600499319 /* BraingleTests.m in Sources */ = {isa = PBXBuildFile; fileRef = 30C64E9D15D3A51600499319 /* BraingleTests.m */; };
		30C64ED615D3A59500499319 /* AppDelegate.m in Sources */ = {isa = PBXBuildFile; fileRef = 30C64EBF15D3A59500499319 /* AppDelegate.m */; };
		30C64ED715D3A59500499319 /* Database.m in Sources */ = {isa = PBXBuildFile; fileRef = 30C64EC315D3A59500499319 /* Database.m */; };
		30C64ED815D3A59500499319 /* OpenUDID.m in Sources */ = {isa = PBXBuildFile; fileRef = 30C64EC615D3A59500499319 /* OpenUDID.m */; };
		30C64ED915D3A59500499319 /* Reachability.m in Sources */ = {isa = PBXBuildFile; fileRef = 30C64EC915D3A59500499319 /* Reachability.m */; };
		30C64F5115D3A5A800499319 /* Braingle_DB.sqlite in Resources */ = {isa = PBXBuildFile; fileRef = 30C64EDA15D3A5A800499319 /* Braingle_DB.sqlite */; };
		30C64F5215D3A5A800499319 /* InfoDesc.html in Resources */ = {isa = PBXBuildFile; fileRef = 30C64EDC15D3A5A800499319 /* InfoDesc.html */; };
		30C64F5315D3A5A800499319 /* TeaserDetailLandscape.html in Resources */ = {isa = PBXBuildFile; fileRef = 30C64EDD15D3A5A800499319 /* TeaserDetailLandscape.html */; };
		30C64F5415D3A5A800499319 /* TeaserDetailPortrait.html in Resources */ = {isa = PBXBuildFile; fileRef = 30C64EDE15D3A5A800499319 /* TeaserDetailPortrait.html */; };
		30C64F5515D3A5A800499319 /* fav-active.png in Resources */ = {isa = PBXBuildFile; fileRef = 30C64EE115D3A5A800499319 /* fav-active.png */; };
		30C64F5615D3A5A800499319 /* fav-active@2x.png in Resources */ = {isa = PBXBuildFile; fileRef = 30C64EE215D3A5A800499319 /* fav-active@2x.png */; };
		30C64F5715D3A5A800499319 /* fav.png in Resources */ = {isa = PBXBuildFile; fileRef = 30C64EE315D3A5A800499319 /* fav.png */; };
		30C64F5815D3A5A800499319 /* fav@2x.png in Resources */ = {isa = PBXBuildFile; fileRef = 30C64EE415D3A5A800499319 /* fav@2x.png */; };
		30C64F5915D3A5A800499319 /* All.png in Resources */ = {isa = PBXBuildFile; fileRef = 30C64EE615D3A5A800499319 /* All.png */; };
		30C64F5A15D3A5A800499319 /* All@2x.png in Resources */ = {isa = PBXBuildFile; fileRef = 30C64EE715D3A5A800499319 /* All@2x.png */; };
		30C64F5B15D3A5A800499319 /* Cryptography.png in Resources */ = {isa = PBXBuildFile; fileRef = 30C64EE815D3A5A800499319 /* Cryptography.png */; };
		30C64F5C15D3A5A800499319 /* Cryptography@2x.png in Resources */ = {isa = PBXBuildFile; fileRef = 30C64EE915D3A5A800499319 /* Cryptography@2x.png */; };
		30C64F5D15D3A5A800499319 /* Favorites.png in Resources */ = {isa = PBXBuildFile; fileRef = 30C64EEA15D3A5A800499319 /* Favorites.png */; };
		30C64F5E15D3A5A800499319 /* Favorites@2x.png in Resources */ = {isa = PBXBuildFile; fileRef = 30C64EEB15D3A5A800499319 /* Favorites@2x.png */; };
		30C64F5F15D3A5A800499319 /* Featured.png in Resources */ = {isa = PBXBuildFile; fileRef = 30C64EEC15D3A5A800499319 /* Featured.png */; };
		30C64F6015D3A5A800499319 /* Featured@2x.png in Resources */ = {isa = PBXBuildFile; fileRef = 30C64EED15D3A5A800499319 /* Featured@2x.png */; };
		30C64F6115D3A5A800499319 /* Grid.png in Resources */ = {isa = PBXBuildFile; fileRef = 30C64EEE15D3A5A800499319 /* Grid.png */; };
		30C64F6215D3A5A800499319 /* Grid@2x.png in Resources */ = {isa = PBXBuildFile; fileRef = 30C64EEF15D3A5A800499319 /* Grid@2x.png */; };
		30C64F6315D3A5A800499319 /* Group.png in Resources */ = {isa = PBXBuildFile; fileRef = 30C64EF015D3A5A800499319 /* Group.png */; };
		30C64F6415D3A5A800499319 /* Group@2x.png in Resources */ = {isa = PBXBuildFile; fileRef = 30C64EF115D3A5A800499319 /* Group@2x.png */; };
		30C64F6515D3A5A800499319 /* Language.png in Resources */ = {isa = PBXBuildFile; fileRef = 30C64EF215D3A5A800499319 /* Language.png */; };
		30C64F6615D3A5A800499319 /* Language@2x.png in Resources */ = {isa = PBXBuildFile; fileRef = 30C64EF315D3A5A800499319 /* Language@2x.png */; };
		30C64F6715D3A5A800499319 /* Letter.png in Resources */ = {isa = PBXBuildFile; fileRef = 30C64EF415D3A5A800499319 /* Letter.png */; };
		30C64F6815D3A5A800499319 /* Letter@2x.png in Resources */ = {isa = PBXBuildFile; fileRef = 30C64EF515D3A5A800499319 /* Letter@2x.png */; };
		30C64F6915D3A5A800499319 /* Logic.png in Resources */ = {isa = PBXBuildFile; fileRef = 30C64EF615D3A5A800499319 /* Logic.png */; };
		30C64F6A15D3A5A800499319 /* Logic@2x.png in Resources */ = {isa = PBXBuildFile; fileRef = 30C64EF715D3A5A800499319 /* Logic@2x.png */; };
		30C64F6B15D3A5A800499319 /* Math.png in Resources */ = {isa = PBXBuildFile; fileRef = 30C64EF815D3A5A800499319 /* Math.png */; };
		30C64F6C15D3A5A800499319 /* Math@2x.png in Resources */ = {isa = PBXBuildFile; fileRef = 30C64EF915D3A5A800499319 /* Math@2x.png */; };
		30C64F6D15D3A5A800499319 /* Mystery.png in Resources */ = {isa = PBXBuildFile; fileRef = 30C64EFA15D3A5A800499319 /* Mystery.png */; };
		30C64F6E15D3A5A800499319 /* Mystery@2x.png in Resources */ = {isa = PBXBuildFile; fileRef = 30C64EFB15D3A5A800499319 /* Mystery@2x.png */; };
		30C64F6F15D3A5A800499319 /* Optical.png in Resources */ = {isa = PBXBuildFile; fileRef = 30C64EFC15D3A5A800499319 /* Optical.png */; };
		30C64F7015D3A5A800499319 /* Optical@2x.png in Resources */ = {isa = PBXBuildFile; fileRef = 30C64EFD15D3A5A800499319 /* Optical@2x.png */; };
		30C64F7115D3A5A800499319 /* Other.png in Resources */ = {isa = PBXBuildFile; fileRef = 30C64EFE15D3A5A800499319 /* Other.png */; };
		30C64F7215D3A5A800499319 /* Other@2x.png in Resources */ = {isa = PBXBuildFile; fileRef = 30C64EFF15D3A5A800499319 /* Other@2x.png */; };
		30C64F7315D3A5A800499319 /* Probability.png in Resources */ = {isa = PBXBuildFile; fileRef = 30C64F0015D3A5A800499319 /* Probability.png */; };
		30C64F7415D3A5A800499319 /* Probability@2x.png in Resources */ = {isa = PBXBuildFile; fileRef = 30C64F0115D3A5A800499319 /* Probability@2x.png */; };
		30C64F7515D3A5A800499319 /* Rebus.png in Resources */ = {isa = PBXBuildFile; fileRef = 30C64F0215D3A5A800499319 /* Rebus.png */; };
		30C64F7615D3A5A800499319 /* Rebus@2x.png in Resources */ = {isa = PBXBuildFile; fileRef = 30C64F0315D3A5A800499319 /* Rebus@2x.png */; };
		30C64F7715D3A5A800499319 /* Riddles.png in Resources */ = {isa = PBXBuildFile; fileRef = 30C64F0415D3A5A800499319 /* Riddles.png */; };
		30C64F7815D3A5A800499319 /* Riddles@2x.png in Resources */ = {isa = PBXBuildFile; fileRef = 30C64F0515D3A5A800499319 /* Riddles@2x.png */; };
		30C64F7915D3A5A800499319 /* Science.png in Resources */ = {isa = PBXBuildFile; fileRef = 30C64F0615D3A5A800499319 /* Science.png */; };
		30C64F7A15D3A5A800499319 /* Science@2x.png in Resources */ = {isa = PBXBuildFile; fileRef = 30C64F0715D3A5A800499319 /* Science@2x.png */; };
		30C64F7B15D3A5A800499319 /* Series.png in Resources */ = {isa = PBXBuildFile; fileRef = 30C64F0815D3A5A800499319 /* Series.png */; };
		30C64F7C15D3A5A800499319 /* Series@2x.png in Resources */ = {isa = PBXBuildFile; fileRef = 30C64F0915D3A5A800499319 /* Series@2x.png */; };
		30C64F7D15D3A5A800499319 /* Situation.png in Resources */ = {isa = PBXBuildFile; fileRef = 30C64F0A15D3A5A800499319 /* Situation.png */; };
		30C64F7E15D3A5A800499319 /* Situation@2x.png in Resources */ = {isa = PBXBuildFile; fileRef = 30C64F0B15D3A5A800499319 /* Situation@2x.png */; };
		30C64F7F15D3A5A800499319 /* Thumbs.db in Resources */ = {isa = PBXBuildFile; fileRef = 30C64F0C15D3A5A800499319 /* Thumbs.db */; };
		30C64F8015D3A5A800499319 /* Trick.png in Resources */ = {isa = PBXBuildFile; fileRef = 30C64F0D15D3A5A800499319 /* Trick.png */; };
		30C64F8115D3A5A800499319 /* Trick@2x.png in Resources */ = {isa = PBXBuildFile; fileRef = 30C64F0E15D3A5A800499319 /* Trick@2x.png */; };
		30C64F8215D3A5A800499319 /* Trivia.png in Resources */ = {isa = PBXBuildFile; fileRef = 30C64F0F15D3A5A800499319 /* Trivia.png */; };
		30C64F8315D3A5A800499319 /* Trivia@2x.png in Resources */ = {isa = PBXBuildFile; fileRef = 30C64F1015D3A5A800499319 /* Trivia@2x.png */; };
		30C64F8415D3A5A800499319 /* Icon-72.png in Resources */ = {isa = PBXBuildFile; fileRef = 30C64F1215D3A5A800499319 /* Icon-72.png */; };
		30C64F8515D3A5A800499319 /* Icon-Small-50.png in Resources */ = {isa = PBXBuildFile; fileRef = 30C64F1315D3A5A800499319 /* Icon-Small-50.png */; };
		30C64F8615D3A5A800499319 /* Icon-Small.png in Resources */ = {isa = PBXBuildFile; fileRef = 30C64F1415D3A5A800499319 /* Icon-Small.png */; };
		30C64F8715D3A5A800499319 /* Icon-Small@2x.png in Resources */ = {isa = PBXBuildFile; fileRef = 30C64F1515D3A5A800499319 /* Icon-Small@2x.png */; };
		30C64F8815D3A5A800499319 /* Icon.png in Resources */ = {isa = PBXBuildFile; fileRef = 30C64F1615D3A5A800499319 /* Icon.png */; };
		30C64F8915D3A5A800499319 /* Icon@2x.png in Resources */ = {isa = PBXBuildFile; fileRef = 30C64F1715D3A5A800499319 /* Icon@2x.png */; };
		30C64F8A15D3A5A800499319 /* iTunesArtwork in Resources */ = {isa = PBXBuildFile; fileRef = 30C64F1815D3A5A800499319 /* iTunesArtwork */; };
		30C64F8B15D3A5A800499319 /* g1.png in Resources */ = {isa = PBXBuildFile; fileRef = 30C64F1A15D3A5A800499319 /* g1.png */; };
		30C64F8C15D3A5A800499319 /* g10.png in Resources */ = {isa = PBXBuildFile; fileRef = 30C64F1B15D3A5A800499319 /* g10.png */; };
		30C64F8D15D3A5A800499319 /* g10@2x.png in Resources */ = {isa = PBXBuildFile; fileRef = 30C64F1C15D3A5A800499319 /* g10@2x.png */; };
		30C64F8E15D3A5A800499319 /* g1@2x.png in Resources */ = {isa = PBXBuildFile; fileRef = 30C64F1D15D3A5A800499319 /* g1@2x.png */; };
		30C64F8F15D3A5A800499319 /* g2.png in Resources */ = {isa = PBXBuildFile; fileRef = 30C64F1E15D3A5A800499319 /* g2.png */; };
		30C64F9015D3A5A800499319 /* g2@2x.png in Resources */ = {isa = PBXBuildFile; fileRef = 30C64F1F15D3A5A800499319 /* g2@2x.png */; };
		30C64F9115D3A5A800499319 /* g3.png in Resources */ = {isa = PBXBuildFile; fileRef = 30C64F2015D3A5A800499319 /* g3.png */; };
		30C64F9215D3A5A800499319 /* g3@2x.png in Resources */ = {isa = PBXBuildFile; fileRef = 30C64F2115D3A5A800499319 /* g3@2x.png */; };
		30C64F9315D3A5A800499319 /* g4.png in Resources */ = {isa = PBXBuildFile; fileRef = 30C64F2215D3A5A800499319 /* g4.png */; };
		30C64F9415D3A5A800499319 /* g4@2x.png in Resources */ = {isa = PBXBuildFile; fileRef = 30C64F2315D3A5A800499319 /* g4@2x.png */; };
		30C64F9515D3A5A800499319 /* g5.png in Resources */ = {isa = PBXBuildFile; fileRef = 30C64F2415D3A5A800499319 /* g5.png */; };
		30C64F9615D3A5A800499319 /* g5@2x.png in Resources */ = {isa = PBXBuildFile; fileRef = 30C64F2515D3A5A800499319 /* g5@2x.png */; };
		30C64F9715D3A5A800499319 /* g6.png in Resources */ = {isa = PBXBuildFile; fileRef = 30C64F2615D3A5A800499319 /* g6.png */; };
		30C64F9815D3A5A800499319 /* g6@2x.png in Resources */ = {isa = PBXBuildFile; fileRef = 30C64F2715D3A5A800499319 /* g6@2x.png */; };
		30C64F9915D3A5A800499319 /* g7.png in Resources */ = {isa = PBXBuildFile; fileRef = 30C64F2815D3A5A800499319 /* g7.png */; };
		30C64F9A15D3A5A800499319 /* g7@2x.png in Resources */ = {isa = PBXBuildFile; fileRef = 30C64F2915D3A5A800499319 /* g7@2x.png */; };
		30C64F9B15D3A5A800499319 /* g8.png in Resources */ = {isa = PBXBuildFile; fileRef = 30C64F2A15D3A5A800499319 /* g8.png */; };
		30C64F9C15D3A5A800499319 /* g8@2x.png in Resources */ = {isa = PBXBuildFile; fileRef = 30C64F2B15D3A5A800499319 /* g8@2x.png */; };
		30C64F9D15D3A5A800499319 /* g9.png in Resources */ = {isa = PBXBuildFile; fileRef = 30C64F2C15D3A5A800499319 /* g9.png */; };
		30C64F9E15D3A5A800499319 /* g9@2x.png in Resources */ = {isa = PBXBuildFile; fileRef = 30C64F2D15D3A5A800499319 /* g9@2x.png */; };
		30C64F9F15D3A5A800499319 /* gear0.png in Resources */ = {isa = PBXBuildFile; fileRef = 30C64F2E15D3A5A800499319 /* gear0.png */; };
		30C64FA015D3A5A800499319 /* gear0@2x.png in Resources */ = {isa = PBXBuildFile; fileRef = 30C64F2F15D3A5A800499319 /* gear0@2x.png */; };
		30C64FA115D3A5A800499319 /* gear1.png in Resources */ = {isa = PBXBuildFile; fileRef = 30C64F3015D3A5A800499319 /* gear1.png */; };
		30C64FA215D3A5A800499319 /* gear1@2x.png in Resources */ = {isa = PBXBuildFile; fileRef = 30C64F3115D3A5A800499319 /* gear1@2x.png */; };
		30C64FA315D3A5A800499319 /* gear2.png in Resources */ = {isa = PBXBuildFile; fileRef = 30C64F3215D3A5A800499319 /* gear2.png */; };
		30C64FA415D3A5A800499319 /* gear2@2x.png in Resources */ = {isa = PBXBuildFile; fileRef = 30C64F3315D3A5A800499319 /* gear2@2x.png */; };
		30C64FA515D3A5A800499319 /* s1.png in Resources */ = {isa = PBXBuildFile; fileRef = 30C64F3415D3A5A800499319 /* s1.png */; };
		30C64FA615D3A5A800499319 /* s10.png in Resources */ = {isa = PBXBuildFile; fileRef = 30C64F3515D3A5A800499319 /* s10.png */; };
		30C64FA715D3A5A800499319 /* s10@2x.png in Resources */ = {isa = PBXBuildFile; fileRef = 30C64F3615D3A5A800499319 /* s10@2x.png */; };
		30C64FA815D3A5A800499319 /* s1@2x.png in Resources */ = {isa = PBXBuildFile; fileRef = 30C64F3715D3A5A800499319 /* s1@2x.png */; };
		30C64FA915D3A5A800499319 /* s2.png in Resources */ = {isa = PBXBuildFile; fileRef = 30C64F3815D3A5A800499319 /* s2.png */; };
		30C64FAA15D3A5A800499319 /* s2@2x.png in Resources */ = {isa = PBXBuildFile; fileRef = 30C64F3915D3A5A800499319 /* s2@2x.png */; };
		30C64FAB15D3A5A800499319 /* s3.png in Resources */ = {isa = PBXBuildFile; fileRef = 30C64F3A15D3A5A800499319 /* s3.png */; };
		30C64FAC15D3A5A800499319 /* s3@2x.png in Resources */ = {isa = PBXBuildFile; fileRef = 30C64F3B15D3A5A800499319 /* s3@2x.png */; };
		30C64FAD15D3A5A800499319 /* s4.png in Resources */ = {isa = PBXBuildFile; fileRef = 30C64F3C15D3A5A800499319 /* s4.png */; };
		30C64FAE15D3A5A800499319 /* s4@2x.png in Resources */ = {isa = PBXBuildFile; fileRef = 30C64F3D15D3A5A800499319 /* s4@2x.png */; };
		30C64FAF15D3A5A800499319 /* s5.png in Resources */ = {isa = PBXBuildFile; fileRef = 30C64F3E15D3A5A800499319 /* s5.png */; };
		30C64FB015D3A5A800499319 /* s5@2x.png in Resources */ = {isa = PBXBuildFile; fileRef = 30C64F3F15D3A5A800499319 /* s5@2x.png */; };
		30C64FB115D3A5A800499319 /* s6.png in Resources */ = {isa = PBXBuildFile; fileRef = 30C64F4015D3A5A800499319 /* s6.png */; };
		30C64FB215D3A5A800499319 /* s6@2x.png in Resources */ = {isa = PBXBuildFile; fileRef = 30C64F4115D3A5A800499319 /* s6@2x.png */; };
		30C64FB315D3A5A800499319 /* s7.png in Resources */ = {isa = PBXBuildFile; fileRef = 30C64F4215D3A5A800499319 /* s7.png */; };
		30C64FB415D3A5A800499319 /* s7@2x.png in Resources */ = {isa = PBXBuildFile; fileRef = 30C64F4315D3A5A800499319 /* s7@2x.png */; };
		30C64FB515D3A5A800499319 /* s8.png in Resources */ = {isa = PBXBuildFile; fileRef = 30C64F4415D3A5A800499319 /* s8.png */; };
		30C64FB615D3A5A800499319 /* s8@2x.png in Resources */ = {isa = PBXBuildFile; fileRef = 30C64F4515D3A5A800499319 /* s8@2x.png */; };
		30C64FB715D3A5A800499319 /* s9.png in Resources */ = {isa = PBXBuildFile; fileRef = 30C64F4615D3A5A800499319 /* s9.png */; };
		30C64FB815D3A5A800499319 /* s9@2x.png in Resources */ = {isa = PBXBuildFile; fileRef = 30C64F4715D3A5A800499319 /* s9@2x.png */; };
		30C64FB915D3A5A800499319 /* star0.png in Resources */ = {isa = PBXBuildFile; fileRef = 30C64F4815D3A5A800499319 /* star0.png */; };
		30C64FBA15D3A5A800499319 /* star0@2x.png in Resources */ = {isa = PBXBuildFile; fileRef = 30C64F4915D3A5A800499319 /* star0@2x.png */; };
		30C64FBB15D3A5A800499319 /* Default-Landscape.png in Resources */ = {isa = PBXBuildFile; fileRef = 30C64F4B15D3A5A800499319 /* Default-Landscape.png */; };
		30C64FBC15D3A5A800499319 /* Default-Landscape@2x.png in Resources */ = {isa = PBXBuildFile; fileRef = 30C64F4C15D3A5A800499319 /* Default-Landscape@2x.png */; };
		30C64FBD15D3A5A800499319 /* Default-Portrait.png in Resources */ = {isa = PBXBuildFile; fileRef = 30C64F4D15D3A5A800499319 /* Default-Portrait.png */; };
		30C64FBE15D3A5A800499319 /* Default-Portrait@2x.png in Resources */ = {isa = PBXBuildFile; fileRef = 30C64F4E15D3A5A800499319 /* Default-Portrait@2x.png */; };
		30C64FBF15D3A5A800499319 /* Default.png in Resources */ = {isa = PBXBuildFile; fileRef = 30C64F4F15D3A5A800499319 /* Default.png */; };
		30C64FC015D3A5A800499319 /* Default@2x.png in Resources */ = {isa = PBXBuildFile; fileRef = 30C64F5015D3A5A800499319 /* Default@2x.png */; };
		30C64FC215D3A72500499319 /* SystemConfiguration.framework in Frameworks */ = {isa = PBXBuildFile; fileRef = 30C64FC115D3A72500499319 /* SystemConfiguration.framework */; };
		30C64FC415D3A72D00499319 /* iAd.framework in Frameworks */ = {isa = PBXBuildFile; fileRef = 30C64FC315D3A72D00499319 /* iAd.framework */; };
		30C64FC615D3A73500499319 /* QuartzCore.framework in Frameworks */ = {isa = PBXBuildFile; fileRef = 30C64FC515D3A73500499319 /* QuartzCore.framework */; };
		30C64FC815D3A74200499319 /* libsqlite3.0.dylib in Frameworks */ = {isa = PBXBuildFile; fileRef = 30C64FC715D3A74200499319 /* libsqlite3.0.dylib */; };
/* End PBXBuildFile section */

/* Begin PBXContainerItemProxy section */
		30C64E9415D3A51600499319 /* PBXContainerItemProxy */ = {
			isa = PBXContainerItemProxy;
			containerPortal = 30C64E5915D3A51500499319 /* Project object */;
			proxyType = 1;
			remoteGlobalIDString = 30C64E6115D3A51500499319;
			remoteInfo = Braingle;
		};
/* End PBXContainerItemProxy section */

/* Begin PBXFileReference section */
		306391E215DFACCE00901C7A /* BraingleLogicTests.octest */ = {isa = PBXFileReference; explicitFileType = wrapper.cfbundle; includeInIndex = 0; path = BraingleLogicTests.octest; sourceTree = BUILT_PRODUCTS_DIR; };
		306391E815DFACCE00901C7A /* BraingleLogicTests-Info.plist */ = {isa = PBXFileReference; lastKnownFileType = text.plist.xml; path = "BraingleLogicTests-Info.plist"; sourceTree = "<group>"; };
		306391EA15DFACCE00901C7A /* en */ = {isa = PBXFileReference; lastKnownFileType = text.plist.strings; name = en; path = en.lproj/InfoPlist.strings; sourceTree = "<group>"; };
		306391EC15DFACCE00901C7A /* BraingleLogicTests.h */ = {isa = PBXFileReference; lastKnownFileType = sourcecode.c.h; path = BraingleLogicTests.h; sourceTree = "<group>"; };
		306391ED15DFACCE00901C7A /* BraingleLogicTests.m */ = {isa = PBXFileReference; lastKnownFileType = sourcecode.c.objc; path = BraingleLogicTests.m; sourceTree = "<group>"; };
		306391EF15DFACCE00901C7A /* BraingleLogicTests-Prefix.pch */ = {isa = PBXFileReference; lastKnownFileType = sourcecode.c.h; path = "BraingleLogicTests-Prefix.pch"; sourceTree = "<group>"; };
		30A6EF9B15D3A8EB0090C88D /* BrainTeaserViewController.h */ = {isa = PBXFileReference; fileEncoding = 4; lastKnownFileType = sourcecode.c.h; path = BrainTeaserViewController.h; sourceTree = "<group>"; };
		30A6EF9C15D3A8EB0090C88D /* BrainTeaserViewController.m */ = {isa = PBXFileReference; fileEncoding = 4; lastKnownFileType = sourcecode.c.objc; path = BrainTeaserViewController.m; sourceTree = "<group>"; };
		30A6EF9D15D3A8EB0090C88D /* BrainTeaserViewController_iPad.xib */ = {isa = PBXFileReference; fileEncoding = 4; lastKnownFileType = file.xib; path = BrainTeaserViewController_iPad.xib; sourceTree = "<group>"; };
		30A6EF9E15D3A8EB0090C88D /* BrainTeaserViewController_iPhone.xib */ = {isa = PBXFileReference; fileEncoding = 4; lastKnownFileType = file.xib; path = BrainTeaserViewController_iPhone.xib; sourceTree = "<group>"; };
		30A6EFA015D3A8EB0090C88D /* DetailViewController.h */ = {isa = PBXFileReference; fileEncoding = 4; lastKnownFileType = sourcecode.c.h; path = DetailViewController.h; sourceTree = "<group>"; };
		30A6EFA115D3A8EB0090C88D /* DetailViewController.m */ = {isa = PBXFileReference; fileEncoding = 4; lastKnownFileType = sourcecode.c.objc; path = DetailViewController.m; sourceTree = "<group>"; };
		30A6EFA215D3A8EB0090C88D /* DetailViewController_iPad.xib */ = {isa = PBXFileReference; fileEncoding = 4; lastKnownFileType = file.xib; path = DetailViewController_iPad.xib; sourceTree = "<group>"; };
		30A6EFA315D3A8EB0090C88D /* DetailViewController_iPhone.xib */ = {isa = PBXFileReference; fileEncoding = 4; lastKnownFileType = file.xib; path = DetailViewController_iPhone.xib; sourceTree = "<group>"; };
		30A6EFA515D3A8EB0090C88D /* InfoViewController.h */ = {isa = PBXFileReference; fileEncoding = 4; lastKnownFileType = sourcecode.c.h; path = InfoViewController.h; sourceTree = "<group>"; };
		30A6EFA615D3A8EB0090C88D /* InfoViewController.m */ = {isa = PBXFileReference; fileEncoding = 4; lastKnownFileType = sourcecode.c.objc; path = InfoViewController.m; sourceTree = "<group>"; };
		30A6EFA715D3A8EB0090C88D /* InfoViewController_iPad.xib */ = {isa = PBXFileReference; fileEncoding = 4; lastKnownFileType = file.xib; path = InfoViewController_iPad.xib; sourceTree = "<group>"; };
		30A6EFA815D3A8EB0090C88D /* InfoViewController_iPhone.xib */ = {isa = PBXFileReference; fileEncoding = 4; lastKnownFileType = file.xib; path = InfoViewController_iPhone.xib; sourceTree = "<group>"; };
		30A6EFAA15D3A8EB0090C88D /* MasterViewController.h */ = {isa = PBXFileReference; fileEncoding = 4; lastKnownFileType = sourcecode.c.h; path = MasterViewController.h; sourceTree = "<group>"; };
		30A6EFAB15D3A8EB0090C88D /* MasterViewController.m */ = {isa = PBXFileReference; fileEncoding = 4; lastKnownFileType = sourcecode.c.objc; path = MasterViewController.m; sourceTree = "<group>"; };
		30A6EFAC15D3A8EB0090C88D /* MasterViewController_iPad.xib */ = {isa = PBXFileReference; fileEncoding = 4; lastKnownFileType = file.xib; path = MasterViewController_iPad.xib; sourceTree = "<group>"; };
		30A6EFAD15D3A8EB0090C88D /* MasterViewController_iPhone.xib */ = {isa = PBXFileReference; fileEncoding = 4; lastKnownFileType = file.xib; path = MasterViewController_iPhone.xib; sourceTree = "<group>"; };
		30C64E6215D3A51500499319 /* Braingle.app */ = {isa = PBXFileReference; explicitFileType = wrapper.application; includeInIndex = 0; path = Braingle.app; sourceTree = BUILT_PRODUCTS_DIR; };
		30C64E6615D3A51500499319 /* UIKit.framework */ = {isa = PBXFileReference; lastKnownFileType = wrapper.framework; name = UIKit.framework; path = System/Library/Frameworks/UIKit.framework; sourceTree = SDKROOT; };
		30C64E6815D3A51500499319 /* Foundation.framework */ = {isa = PBXFileReference; lastKnownFileType = wrapper.framework; name = Foundation.framework; path = System/Library/Frameworks/Foundation.framework; sourceTree = SDKROOT; };
		30C64E6A15D3A51500499319 /* CoreGraphics.framework */ = {isa = PBXFileReference; lastKnownFileType = wrapper.framework; name = CoreGraphics.framework; path = System/Library/Frameworks/CoreGraphics.framework; sourceTree = SDKROOT; };
		30C64E6E15D3A51500499319 /* Braingle-Info.plist */ = {isa = PBXFileReference; lastKnownFileType = text.plist.xml; path = "Braingle-Info.plist"; sourceTree = "<group>"; };
		30C64E7015D3A51500499319 /* en */ = {isa = PBXFileReference; lastKnownFileType = text.plist.strings; name = en; path = en.lproj/InfoPlist.strings; sourceTree = "<group>"; };
		30C64E7215D3A51500499319 /* main.m */ = {isa = PBXFileReference; lastKnownFileType = sourcecode.c.objc; path = main.m; sourceTree = "<group>"; };
		30C64E7415D3A51500499319 /* Braingle-Prefix.pch */ = {isa = PBXFileReference; lastKnownFileType = sourcecode.c.h; path = "Braingle-Prefix.pch"; sourceTree = "<group>"; };
		30C64E8F15D3A51600499319 /* BraingleTests.octest */ = {isa = PBXFileReference; explicitFileType = wrapper.cfbundle; includeInIndex = 0; path = BraingleTests.octest; sourceTree = BUILT_PRODUCTS_DIR; };
		30C64E9015D3A51600499319 /* SenTestingKit.framework */ = {isa = PBXFileReference; lastKnownFileType = wrapper.framework; name = SenTestingKit.framework; path = Library/Frameworks/SenTestingKit.framework; sourceTree = DEVELOPER_DIR; };
		30C64E9815D3A51600499319 /* BraingleTests-Info.plist */ = {isa = PBXFileReference; lastKnownFileType = text.plist.xml; path = "BraingleTests-Info.plist"; sourceTree = "<group>"; };
		30C64E9A15D3A51600499319 /* en */ = {isa = PBXFileReference; lastKnownFileType = text.plist.strings; name = en; path = en.lproj/InfoPlist.strings; sourceTree = "<group>"; };
		30C64E9C15D3A51600499319 /* BraingleTests.h */ = {isa = PBXFileReference; lastKnownFileType = sourcecode.c.h; path = BraingleTests.h; sourceTree = "<group>"; };
		30C64E9D15D3A51600499319 /* BraingleTests.m */ = {isa = PBXFileReference; lastKnownFileType = sourcecode.c.objc; path = BraingleTests.m; sourceTree = "<group>"; };
		30C64EBE15D3A59500499319 /* AppDelegate.h */ = {isa = PBXFileReference; fileEncoding = 4; lastKnownFileType = sourcecode.c.h; path = AppDelegate.h; sourceTree = "<group>"; };
		30C64EBF15D3A59500499319 /* AppDelegate.m */ = {isa = PBXFileReference; fileEncoding = 4; lastKnownFileType = sourcecode.c.objc; path = AppDelegate.m; sourceTree = "<group>"; };
		30C64EC015D3A59500499319 /* Config.h */ = {isa = PBXFileReference; fileEncoding = 4; lastKnownFileType = sourcecode.c.h; path = Config.h; sourceTree = "<group>"; };
		30C64EC215D3A59500499319 /* Database.h */ = {isa = PBXFileReference; fileEncoding = 4; lastKnownFileType = sourcecode.c.h; path = Database.h; sourceTree = "<group>"; };
		30C64EC315D3A59500499319 /* Database.m */ = {isa = PBXFileReference; fileEncoding = 4; lastKnownFileType = sourcecode.c.objc; path = Database.m; sourceTree = "<group>"; };
		30C64EC515D3A59500499319 /* OpenUDID.h */ = {isa = PBXFileReference; fileEncoding = 4; lastKnownFileType = sourcecode.c.h; path = OpenUDID.h; sourceTree = "<group>"; };
		30C64EC615D3A59500499319 /* OpenUDID.m */ = {isa = PBXFileReference; fileEncoding = 4; lastKnownFileType = sourcecode.c.objc; path = OpenUDID.m; sourceTree = "<group>"; };
		30C64EC815D3A59500499319 /* Reachability.h */ = {isa = PBXFileReference; fileEncoding = 4; lastKnownFileType = sourcecode.c.h; path = Reachability.h; sourceTree = "<group>"; };
		30C64EC915D3A59500499319 /* Reachability.m */ = {isa = PBXFileReference; fileEncoding = 4; lastKnownFileType = sourcecode.c.objc; path = Reachability.m; sourceTree = "<group>"; };
		30C64EDA15D3A5A800499319 /* Braingle_DB.sqlite */ = {isa = PBXFileReference; lastKnownFileType = file; path = Braingle_DB.sqlite; sourceTree = "<group>"; };
		30C64EDC15D3A5A800499319 /* InfoDesc.html */ = {isa = PBXFileReference; fileEncoding = 4; lastKnownFileType = text.html; path = InfoDesc.html; sourceTree = "<group>"; };
		30C64EDD15D3A5A800499319 /* TeaserDetailLandscape.html */ = {isa = PBXFileReference; fileEncoding = 4; lastKnownFileType = text.html; path = TeaserDetailLandscape.html; sourceTree = "<group>"; };
		30C64EDE15D3A5A800499319 /* TeaserDetailPortrait.html */ = {isa = PBXFileReference; fileEncoding = 4; lastKnownFileType = text.html; path = TeaserDetailPortrait.html; sourceTree = "<group>"; };
		30C64EE115D3A5A800499319 /* fav-active.png */ = {isa = PBXFileReference; lastKnownFileType = image.png; path = "fav-active.png"; sourceTree = "<group>"; };
		30C64EE215D3A5A800499319 /* fav-active@2x.png */ = {isa = PBXFileReference; lastKnownFileType = image.png; path = "fav-active@2x.png"; sourceTree = "<group>"; };
		30C64EE315D3A5A800499319 /* fav.png */ = {isa = PBXFileReference; lastKnownFileType = image.png; path = fav.png; sourceTree = "<group>"; };
		30C64EE415D3A5A800499319 /* fav@2x.png */ = {isa = PBXFileReference; lastKnownFileType = image.png; path = "fav@2x.png"; sourceTree = "<group>"; };
		30C64EE615D3A5A800499319 /* All.png */ = {isa = PBXFileReference; lastKnownFileType = image.png; path = All.png; sourceTree = "<group>"; };
		30C64EE715D3A5A800499319 /* All@2x.png */ = {isa = PBXFileReference; lastKnownFileType = image.png; path = "All@2x.png"; sourceTree = "<group>"; };
		30C64EE815D3A5A800499319 /* Cryptography.png */ = {isa = PBXFileReference; lastKnownFileType = image.png; path = Cryptography.png; sourceTree = "<group>"; };
		30C64EE915D3A5A800499319 /* Cryptography@2x.png */ = {isa = PBXFileReference; lastKnownFileType = image.png; path = "Cryptography@2x.png"; sourceTree = "<group>"; };
		30C64EEA15D3A5A800499319 /* Favorites.png */ = {isa = PBXFileReference; lastKnownFileType = image.png; path = Favorites.png; sourceTree = "<group>"; };
		30C64EEB15D3A5A800499319 /* Favorites@2x.png */ = {isa = PBXFileReference; lastKnownFileType = image.png; path = "Favorites@2x.png"; sourceTree = "<group>"; };
		30C64EEC15D3A5A800499319 /* Featured.png */ = {isa = PBXFileReference; lastKnownFileType = image.png; path = Featured.png; sourceTree = "<group>"; };
		30C64EED15D3A5A800499319 /* Featured@2x.png */ = {isa = PBXFileReference; lastKnownFileType = image.png; path = "Featured@2x.png"; sourceTree = "<group>"; };
		30C64EEE15D3A5A800499319 /* Grid.png */ = {isa = PBXFileReference; lastKnownFileType = image.png; path = Grid.png; sourceTree = "<group>"; };
		30C64EEF15D3A5A800499319 /* Grid@2x.png */ = {isa = PBXFileReference; lastKnownFileType = image.png; path = "Grid@2x.png"; sourceTree = "<group>"; };
		30C64EF015D3A5A800499319 /* Group.png */ = {isa = PBXFileReference; lastKnownFileType = image.png; path = Group.png; sourceTree = "<group>"; };
		30C64EF115D3A5A800499319 /* Group@2x.png */ = {isa = PBXFileReference; lastKnownFileType = image.png; path = "Group@2x.png"; sourceTree = "<group>"; };
		30C64EF215D3A5A800499319 /* Language.png */ = {isa = PBXFileReference; lastKnownFileType = image.png; path = Language.png; sourceTree = "<group>"; };
		30C64EF315D3A5A800499319 /* Language@2x.png */ = {isa = PBXFileReference; lastKnownFileType = image.png; path = "Language@2x.png"; sourceTree = "<group>"; };
		30C64EF415D3A5A800499319 /* Letter.png */ = {isa = PBXFileReference; lastKnownFileType = image.png; path = Letter.png; sourceTree = "<group>"; };
		30C64EF515D3A5A800499319 /* Letter@2x.png */ = {isa = PBXFileReference; lastKnownFileType = image.png; path = "Letter@2x.png"; sourceTree = "<group>"; };
		30C64EF615D3A5A800499319 /* Logic.png */ = {isa = PBXFileReference; lastKnownFileType = image.png; path = Logic.png; sourceTree = "<group>"; };
		30C64EF715D3A5A800499319 /* Logic@2x.png */ = {isa = PBXFileReference; lastKnownFileType = image.png; path = "Logic@2x.png"; sourceTree = "<group>"; };
		30C64EF815D3A5A800499319 /* Math.png */ = {isa = PBXFileReference; lastKnownFileType = image.png; path = Math.png; sourceTree = "<group>"; };
		30C64EF915D3A5A800499319 /* Math@2x.png */ = {isa = PBXFileReference; lastKnownFileType = image.png; path = "Math@2x.png"; sourceTree = "<group>"; };
		30C64EFA15D3A5A800499319 /* Mystery.png */ = {isa = PBXFileReference; lastKnownFileType = image.png; path = Mystery.png; sourceTree = "<group>"; };
		30C64EFB15D3A5A800499319 /* Mystery@2x.png */ = {isa = PBXFileReference; lastKnownFileType = image.png; path = "Mystery@2x.png"; sourceTree = "<group>"; };
		30C64EFC15D3A5A800499319 /* Optical.png */ = {isa = PBXFileReference; lastKnownFileType = image.png; path = Optical.png; sourceTree = "<group>"; };
		30C64EFD15D3A5A800499319 /* Optical@2x.png */ = {isa = PBXFileReference; lastKnownFileType = image.png; path = "Optical@2x.png"; sourceTree = "<group>"; };
		30C64EFE15D3A5A800499319 /* Other.png */ = {isa = PBXFileReference; lastKnownFileType = image.png; path = Other.png; sourceTree = "<group>"; };
		30C64EFF15D3A5A800499319 /* Other@2x.png */ = {isa = PBXFileReference; lastKnownFileType = image.png; path = "Other@2x.png"; sourceTree = "<group>"; };
		30C64F0015D3A5A800499319 /* Probability.png */ = {isa = PBXFileReference; lastKnownFileType = image.png; path = Probability.png; sourceTree = "<group>"; };
		30C64F0115D3A5A800499319 /* Probability@2x.png */ = {isa = PBXFileReference; lastKnownFileType = image.png; path = "Probability@2x.png"; sourceTree = "<group>"; };
		30C64F0215D3A5A800499319 /* Rebus.png */ = {isa = PBXFileReference; lastKnownFileType = image.png; path = Rebus.png; sourceTree = "<group>"; };
		30C64F0315D3A5A800499319 /* Rebus@2x.png */ = {isa = PBXFileReference; lastKnownFileType = image.png; path = "Rebus@2x.png"; sourceTree = "<group>"; };
		30C64F0415D3A5A800499319 /* Riddles.png */ = {isa = PBXFileReference; lastKnownFileType = image.png; path = Riddles.png; sourceTree = "<group>"; };
		30C64F0515D3A5A800499319 /* Riddles@2x.png */ = {isa = PBXFileReference; lastKnownFileType = image.png; path = "Riddles@2x.png"; sourceTree = "<group>"; };
		30C64F0615D3A5A800499319 /* Science.png */ = {isa = PBXFileReference; lastKnownFileType = image.png; path = Science.png; sourceTree = "<group>"; };
		30C64F0715D3A5A800499319 /* Science@2x.png */ = {isa = PBXFileReference; lastKnownFileType = image.png; path = "Science@2x.png"; sourceTree = "<group>"; };
		30C64F0815D3A5A800499319 /* Series.png */ = {isa = PBXFileReference; lastKnownFileType = image.png; path = Series.png; sourceTree = "<group>"; };
		30C64F0915D3A5A800499319 /* Series@2x.png */ = {isa = PBXFileReference; lastKnownFileType = image.png; path = "Series@2x.png"; sourceTree = "<group>"; };
		30C64F0A15D3A5A800499319 /* Situation.png */ = {isa = PBXFileReference; lastKnownFileType = image.png; path = Situation.png; sourceTree = "<group>"; };
		30C64F0B15D3A5A800499319 /* Situation@2x.png */ = {isa = PBXFileReference; lastKnownFileType = image.png; path = "Situation@2x.png"; sourceTree = "<group>"; };
		30C64F0C15D3A5A800499319 /* Thumbs.db */ = {isa = PBXFileReference; lastKnownFileType = file; path = Thumbs.db; sourceTree = "<group>"; };
		30C64F0D15D3A5A800499319 /* Trick.png */ = {isa = PBXFileReference; lastKnownFileType = image.png; path = Trick.png; sourceTree = "<group>"; };
		30C64F0E15D3A5A800499319 /* Trick@2x.png */ = {isa = PBXFileReference; lastKnownFileType = image.png; path = "Trick@2x.png"; sourceTree = "<group>"; };
		30C64F0F15D3A5A800499319 /* Trivia.png */ = {isa = PBXFileReference; lastKnownFileType = image.png; path = Trivia.png; sourceTree = "<group>"; };
		30C64F1015D3A5A800499319 /* Trivia@2x.png */ = {isa = PBXFileReference; lastKnownFileType = image.png; path = "Trivia@2x.png"; sourceTree = "<group>"; };
		30C64F1215D3A5A800499319 /* Icon-72.png */ = {isa = PBXFileReference; lastKnownFileType = image.png; path = "Icon-72.png"; sourceTree = "<group>"; };
		30C64F1315D3A5A800499319 /* Icon-Small-50.png */ = {isa = PBXFileReference; lastKnownFileType = image.png; path = "Icon-Small-50.png"; sourceTree = "<group>"; };
		30C64F1415D3A5A800499319 /* Icon-Small.png */ = {isa = PBXFileReference; lastKnownFileType = image.png; path = "Icon-Small.png"; sourceTree = "<group>"; };
		30C64F1515D3A5A800499319 /* Icon-Small@2x.png */ = {isa = PBXFileReference; lastKnownFileType = image.png; path = "Icon-Small@2x.png"; sourceTree = "<group>"; };
		30C64F1615D3A5A800499319 /* Icon.png */ = {isa = PBXFileReference; lastKnownFileType = image.png; path = Icon.png; sourceTree = "<group>"; };
		30C64F1715D3A5A800499319 /* Icon@2x.png */ = {isa = PBXFileReference; lastKnownFileType = image.png; path = "Icon@2x.png"; sourceTree = "<group>"; };
		30C64F1815D3A5A800499319 /* iTunesArtwork */ = {isa = PBXFileReference; lastKnownFileType = file; path = iTunesArtwork; sourceTree = "<group>"; };
		30C64F1A15D3A5A800499319 /* g1.png */ = {isa = PBXFileReference; lastKnownFileType = image.png; path = g1.png; sourceTree = "<group>"; };
		30C64F1B15D3A5A800499319 /* g10.png */ = {isa = PBXFileReference; lastKnownFileType = image.png; path = g10.png; sourceTree = "<group>"; };
		30C64F1C15D3A5A800499319 /* g10@2x.png */ = {isa = PBXFileReference; lastKnownFileType = image.png; path = "g10@2x.png"; sourceTree = "<group>"; };
		30C64F1D15D3A5A800499319 /* g1@2x.png */ = {isa = PBXFileReference; lastKnownFileType = image.png; path = "g1@2x.png"; sourceTree = "<group>"; };
		30C64F1E15D3A5A800499319 /* g2.png */ = {isa = PBXFileReference; lastKnownFileType = image.png; path = g2.png; sourceTree = "<group>"; };
		30C64F1F15D3A5A800499319 /* g2@2x.png */ = {isa = PBXFileReference; lastKnownFileType = image.png; path = "g2@2x.png"; sourceTree = "<group>"; };
		30C64F2015D3A5A800499319 /* g3.png */ = {isa = PBXFileReference; lastKnownFileType = image.png; path = g3.png; sourceTree = "<group>"; };
		30C64F2115D3A5A800499319 /* g3@2x.png */ = {isa = PBXFileReference; lastKnownFileType = image.png; path = "g3@2x.png"; sourceTree = "<group>"; };
		30C64F2215D3A5A800499319 /* g4.png */ = {isa = PBXFileReference; lastKnownFileType = image.png; path = g4.png; sourceTree = "<group>"; };
		30C64F2315D3A5A800499319 /* g4@2x.png */ = {isa = PBXFileReference; lastKnownFileType = image.png; path = "g4@2x.png"; sourceTree = "<group>"; };
		30C64F2415D3A5A800499319 /* g5.png */ = {isa = PBXFileReference; lastKnownFileType = image.png; path = g5.png; sourceTree = "<group>"; };
		30C64F2515D3A5A800499319 /* g5@2x.png */ = {isa = PBXFileReference; lastKnownFileType = image.png; path = "g5@2x.png"; sourceTree = "<group>"; };
		30C64F2615D3A5A800499319 /* g6.png */ = {isa = PBXFileReference; lastKnownFileType = image.png; path = g6.png; sourceTree = "<group>"; };
		30C64F2715D3A5A800499319 /* g6@2x.png */ = {isa = PBXFileReference; lastKnownFileType = image.png; path = "g6@2x.png"; sourceTree = "<group>"; };
		30C64F2815D3A5A800499319 /* g7.png */ = {isa = PBXFileReference; lastKnownFileType = image.png; path = g7.png; sourceTree = "<group>"; };
		30C64F2915D3A5A800499319 /* g7@2x.png */ = {isa = PBXFileReference; lastKnownFileType = image.png; path = "g7@2x.png"; sourceTree = "<group>"; };
		30C64F2A15D3A5A800499319 /* g8.png */ = {isa = PBXFileReference; lastKnownFileType = image.png; path = g8.png; sourceTree = "<group>"; };
		30C64F2B15D3A5A800499319 /* g8@2x.png */ = {isa = PBXFileReference; lastKnownFileType = image.png; path = "g8@2x.png"; sourceTree = "<group>"; };
		30C64F2C15D3A5A800499319 /* g9.png */ = {isa = PBXFileReference; lastKnownFileType = image.png; path = g9.png; sourceTree = "<group>"; };
		30C64F2D15D3A5A800499319 /* g9@2x.png */ = {isa = PBXFileReference; lastKnownFileType = image.png; path = "g9@2x.png"; sourceTree = "<group>"; };
		30C64F2E15D3A5A800499319 /* gear0.png */ = {isa = PBXFileReference; lastKnownFileType = image.png; path = gear0.png; sourceTree = "<group>"; };
		30C64F2F15D3A5A800499319 /* gear0@2x.png */ = {isa = PBXFileReference; lastKnownFileType = image.png; path = "gear0@2x.png"; sourceTree = "<group>"; };
		30C64F3015D3A5A800499319 /* gear1.png */ = {isa = PBXFileReference; lastKnownFileType = image.png; path = gear1.png; sourceTree = "<group>"; };
		30C64F3115D3A5A800499319 /* gear1@2x.png */ = {isa = PBXFileReference; lastKnownFileType = image.png; path = "gear1@2x.png"; sourceTree = "<group>"; };
		30C64F3215D3A5A800499319 /* gear2.png */ = {isa = PBXFileReference; lastKnownFileType = image.png; path = gear2.png; sourceTree = "<group>"; };
		30C64F3315D3A5A800499319 /* gear2@2x.png */ = {isa = PBXFileReference; lastKnownFileType = image.png; path = "gear2@2x.png"; sourceTree = "<group>"; };
		30C64F3415D3A5A800499319 /* s1.png */ = {isa = PBXFileReference; lastKnownFileType = image.png; path = s1.png; sourceTree = "<group>"; };
		30C64F3515D3A5A800499319 /* s10.png */ = {isa = PBXFileReference; lastKnownFileType = image.png; path = s10.png; sourceTree = "<group>"; };
		30C64F3615D3A5A800499319 /* s10@2x.png */ = {isa = PBXFileReference; lastKnownFileType = image.png; path = "s10@2x.png"; sourceTree = "<group>"; };
		30C64F3715D3A5A800499319 /* s1@2x.png */ = {isa = PBXFileReference; lastKnownFileType = image.png; path = "s1@2x.png"; sourceTree = "<group>"; };
		30C64F3815D3A5A800499319 /* s2.png */ = {isa = PBXFileReference; lastKnownFileType = image.png; path = s2.png; sourceTree = "<group>"; };
		30C64F3915D3A5A800499319 /* s2@2x.png */ = {isa = PBXFileReference; lastKnownFileType = image.png; path = "s2@2x.png"; sourceTree = "<group>"; };
		30C64F3A15D3A5A800499319 /* s3.png */ = {isa = PBXFileReference; lastKnownFileType = image.png; path = s3.png; sourceTree = "<group>"; };
		30C64F3B15D3A5A800499319 /* s3@2x.png */ = {isa = PBXFileReference; lastKnownFileType = image.png; path = "s3@2x.png"; sourceTree = "<group>"; };
		30C64F3C15D3A5A800499319 /* s4.png */ = {isa = PBXFileReference; lastKnownFileType = image.png; path = s4.png; sourceTree = "<group>"; };
		30C64F3D15D3A5A800499319 /* s4@2x.png */ = {isa = PBXFileReference; lastKnownFileType = image.png; path = "s4@2x.png"; sourceTree = "<group>"; };
		30C64F3E15D3A5A800499319 /* s5.png */ = {isa = PBXFileReference; lastKnownFileType = image.png; path = s5.png; sourceTree = "<group>"; };
		30C64F3F15D3A5A800499319 /* s5@2x.png */ = {isa = PBXFileReference; lastKnownFileType = image.png; path = "s5@2x.png"; sourceTree = "<group>"; };
		30C64F4015D3A5A800499319 /* s6.png */ = {isa = PBXFileReference; lastKnownFileType = image.png; path = s6.png; sourceTree = "<group>"; };
		30C64F4115D3A5A800499319 /* s6@2x.png */ = {isa = PBXFileReference; lastKnownFileType = image.png; path = "s6@2x.png"; sourceTree = "<group>"; };
		30C64F4215D3A5A800499319 /* s7.png */ = {isa = PBXFileReference; lastKnownFileType = image.png; path = s7.png; sourceTree = "<group>"; };
		30C64F4315D3A5A800499319 /* s7@2x.png */ = {isa = PBXFileReference; lastKnownFileType = image.png; path = "s7@2x.png"; sourceTree = "<group>"; };
		30C64F4415D3A5A800499319 /* s8.png */ = {isa = PBXFileReference; lastKnownFileType = image.png; path = s8.png; sourceTree = "<group>"; };
		30C64F4515D3A5A800499319 /* s8@2x.png */ = {isa = PBXFileReference; lastKnownFileType = image.png; path = "s8@2x.png"; sourceTree = "<group>"; };
		30C64F4615D3A5A800499319 /* s9.png */ = {isa = PBXFileReference; lastKnownFileType = image.png; path = s9.png; sourceTree = "<group>"; };
		30C64F4715D3A5A800499319 /* s9@2x.png */ = {isa = PBXFileReference; lastKnownFileType = image.png; path = "s9@2x.png"; sourceTree = "<group>"; };
		30C64F4815D3A5A800499319 /* star0.png */ = {isa = PBXFileReference; lastKnownFileType = image.png; path = star0.png; sourceTree = "<group>"; };
		30C64F4915D3A5A800499319 /* star0@2x.png */ = {isa = PBXFileReference; lastKnownFileType = image.png; path = "star0@2x.png"; sourceTree = "<group>"; };
		30C64F4B15D3A5A800499319 /* Default-Landscape.png */ = {isa = PBXFileReference; lastKnownFileType = image.png; path = "Default-Landscape.png"; sourceTree = "<group>"; };
		30C64F4C15D3A5A800499319 /* Default-Landscape@2x.png */ = {isa = PBXFileReference; lastKnownFileType = image.png; path = "Default-Landscape@2x.png"; sourceTree = "<group>"; };
		30C64F4D15D3A5A800499319 /* Default-Portrait.png */ = {isa = PBXFileReference; lastKnownFileType = image.png; path = "Default-Portrait.png"; sourceTree = "<group>"; };
		30C64F4E15D3A5A800499319 /* Default-Portrait@2x.png */ = {isa = PBXFileReference; lastKnownFileType = image.png; path = "Default-Portrait@2x.png"; sourceTree = "<group>"; };
		30C64F4F15D3A5A800499319 /* Default.png */ = {isa = PBXFileReference; lastKnownFileType = image.png; path = Default.png; sourceTree = "<group>"; };
		30C64F5015D3A5A800499319 /* Default@2x.png */ = {isa = PBXFileReference; lastKnownFileType = image.png; path = "Default@2x.png"; sourceTree = "<group>"; };
		30C64FC115D3A72500499319 /* SystemConfiguration.framework */ = {isa = PBXFileReference; lastKnownFileType = wrapper.framework; name = SystemConfiguration.framework; path = System/Library/Frameworks/SystemConfiguration.framework; sourceTree = SDKROOT; };
		30C64FC315D3A72D00499319 /* iAd.framework */ = {isa = PBXFileReference; lastKnownFileType = wrapper.framework; name = iAd.framework; path = System/Library/Frameworks/iAd.framework; sourceTree = SDKROOT; };
		30C64FC515D3A73500499319 /* QuartzCore.framework */ = {isa = PBXFileReference; lastKnownFileType = wrapper.framework; name = QuartzCore.framework; path = System/Library/Frameworks/QuartzCore.framework; sourceTree = SDKROOT; };
		30C64FC715D3A74200499319 /* libsqlite3.0.dylib */ = {isa = PBXFileReference; lastKnownFileType = "compiled.mach-o.dylib"; name = libsqlite3.0.dylib; path = usr/lib/libsqlite3.0.dylib; sourceTree = SDKROOT; };
/* End PBXFileReference section */

/* Begin PBXFrameworksBuildPhase section */
		306391DE15DFACCE00901C7A /* Frameworks */ = {
			isa = PBXFrameworksBuildPhase;
			buildActionMask = 2147483647;
			files = (
				306391E315DFACCE00901C7A /* SenTestingKit.framework in Frameworks */,
				306391E415DFACCE00901C7A /* UIKit.framework in Frameworks */,
				306391E515DFACCE00901C7A /* Foundation.framework in Frameworks */,
			);
			runOnlyForDeploymentPostprocessing = 0;
		};
		30C64E5F15D3A51500499319 /* Frameworks */ = {
			isa = PBXFrameworksBuildPhase;
			buildActionMask = 2147483647;
			files = (
				30C64FC815D3A74200499319 /* libsqlite3.0.dylib in Frameworks */,
				30C64FC615D3A73500499319 /* QuartzCore.framework in Frameworks */,
				30C64FC415D3A72D00499319 /* iAd.framework in Frameworks */,
				30C64FC215D3A72500499319 /* SystemConfiguration.framework in Frameworks */,
				30C64E6715D3A51500499319 /* UIKit.framework in Frameworks */,
				30C64E6915D3A51500499319 /* Foundation.framework in Frameworks */,
				30C64E6B15D3A51500499319 /* CoreGraphics.framework in Frameworks */,
			);
			runOnlyForDeploymentPostprocessing = 0;
		};
		30C64E8B15D3A51600499319 /* Frameworks */ = {
			isa = PBXFrameworksBuildPhase;
			buildActionMask = 2147483647;
			files = (
				30C64E9115D3A51600499319 /* SenTestingKit.framework in Frameworks */,
				30C64E9215D3A51600499319 /* UIKit.framework in Frameworks */,
				30C64E9315D3A51600499319 /* Foundation.framework in Frameworks */,
			);
			runOnlyForDeploymentPostprocessing = 0;
		};
/* End PBXFrameworksBuildPhase section */

/* Begin PBXGroup section */
		306391E615DFACCE00901C7A /* BraingleLogicTests */ = {
			isa = PBXGroup;
			children = (
				306391EC15DFACCE00901C7A /* BraingleLogicTests.h */,
				306391ED15DFACCE00901C7A /* BraingleLogicTests.m */,
				306391E715DFACCE00901C7A /* Supporting Files */,
			);
			path = BraingleLogicTests;
			sourceTree = "<group>";
		};
		306391E715DFACCE00901C7A /* Supporting Files */ = {
			isa = PBXGroup;
			children = (
				306391E815DFACCE00901C7A /* BraingleLogicTests-Info.plist */,
				306391E915DFACCE00901C7A /* InfoPlist.strings */,
				306391EF15DFACCE00901C7A /* BraingleLogicTests-Prefix.pch */,
			);
			name = "Supporting Files";
			sourceTree = "<group>";
		};
		30A6EF9915D3A8EB0090C88D /* Classes */ = {
			isa = PBXGroup;
			children = (
				30A6EF9A15D3A8EB0090C88D /* BrainTeaser */,
				30A6EF9F15D3A8EB0090C88D /* DetailView */,
				30A6EFA415D3A8EB0090C88D /* InfoView */,
				30A6EFA915D3A8EB0090C88D /* MasterView */,
			);
			path = Classes;
			sourceTree = "<group>";
		};
		30A6EF9A15D3A8EB0090C88D /* BrainTeaser */ = {
			isa = PBXGroup;
			children = (
				30A6EF9B15D3A8EB0090C88D /* BrainTeaserViewController.h */,
				30A6EF9C15D3A8EB0090C88D /* BrainTeaserViewController.m */,
				30A6EF9D15D3A8EB0090C88D /* BrainTeaserViewController_iPad.xib */,
				30A6EF9E15D3A8EB0090C88D /* BrainTeaserViewController_iPhone.xib */,
			);
			path = BrainTeaser;
			sourceTree = "<group>";
		};
		30A6EF9F15D3A8EB0090C88D /* DetailView */ = {
			isa = PBXGroup;
			children = (
				30A6EFA015D3A8EB0090C88D /* DetailViewController.h */,
				30A6EFA115D3A8EB0090C88D /* DetailViewController.m */,
				30A6EFA215D3A8EB0090C88D /* DetailViewController_iPad.xib */,
				30A6EFA315D3A8EB0090C88D /* DetailViewController_iPhone.xib */,
			);
			path = DetailView;
			sourceTree = "<group>";
		};
		30A6EFA415D3A8EB0090C88D /* InfoView */ = {
			isa = PBXGroup;
			children = (
				30A6EFA515D3A8EB0090C88D /* InfoViewController.h */,
				30A6EFA615D3A8EB0090C88D /* InfoViewController.m */,
				30A6EFA715D3A8EB0090C88D /* InfoViewController_iPad.xib */,
				30A6EFA815D3A8EB0090C88D /* InfoViewController_iPhone.xib */,
			);
			path = InfoView;
			sourceTree = "<group>";
		};
		30A6EFA915D3A8EB0090C88D /* MasterView */ = {
			isa = PBXGroup;
			children = (
				30A6EFAA15D3A8EB0090C88D /* MasterViewController.h */,
				30A6EFAB15D3A8EB0090C88D /* MasterViewController.m */,
				30A6EFAD15D3A8EB0090C88D /* MasterViewController_iPhone.xib */,
				30A6EFAC15D3A8EB0090C88D /* MasterViewController_iPad.xib */,
			);
			path = MasterView;
			sourceTree = "<group>";
		};
		30C64E5715D3A51500499319 = {
			isa = PBXGroup;
			children = (
				30C64E6C15D3A51500499319 /* Braingle */,
				30C64E9615D3A51600499319 /* BraingleTests */,
				306391E615DFACCE00901C7A /* BraingleLogicTests */,
				30C64E6515D3A51500499319 /* Frameworks */,
				30C64E6315D3A51500499319 /* Products */,
			);
			sourceTree = "<group>";
		};
		30C64E6315D3A51500499319 /* Products */ = {
			isa = PBXGroup;
			children = (
				30C64E6215D3A51500499319 /* Braingle.app */,
				30C64E8F15D3A51600499319 /* BraingleTests.octest */,
				306391E215DFACCE00901C7A /* BraingleLogicTests.octest */,
			);
			name = Products;
			sourceTree = "<group>";
		};
		30C64E6515D3A51500499319 /* Frameworks */ = {
			isa = PBXGroup;
			children = (
				30C64FC715D3A74200499319 /* libsqlite3.0.dylib */,
				30C64FC515D3A73500499319 /* QuartzCore.framework */,
				30C64FC315D3A72D00499319 /* iAd.framework */,
				30C64FC115D3A72500499319 /* SystemConfiguration.framework */,
				30C64E6615D3A51500499319 /* UIKit.framework */,
				30C64E6815D3A51500499319 /* Foundation.framework */,
				30C64E6A15D3A51500499319 /* CoreGraphics.framework */,
				30C64E9015D3A51600499319 /* SenTestingKit.framework */,
			);
			name = Frameworks;
			sourceTree = "<group>";
		};
		30C64E6C15D3A51500499319 /* Braingle */ = {
			isa = PBXGroup;
			children = (
				30A6EF9915D3A8EB0090C88D /* Classes */,
				30C64EBC15D3A59500499319 /* Common */,
				30C64E6D15D3A51500499319 /* Supporting Files */,
			);
			path = Braingle;
			sourceTree = "<group>";
		};
		30C64E6D15D3A51500499319 /* Supporting Files */ = {
			isa = PBXGroup;
			children = (
				30C64EDA15D3A5A800499319 /* Braingle_DB.sqlite */,
				30C64EDB15D3A5A800499319 /* HTML */,
				30C64EDF15D3A5A800499319 /* Images */,
				30C64E6E15D3A51500499319 /* Braingle-Info.plist */,
				30C64E6F15D3A51500499319 /* InfoPlist.strings */,
				30C64E7215D3A51500499319 /* main.m */,
				30C64E7415D3A51500499319 /* Braingle-Prefix.pch */,
			);
			name = "Supporting Files";
			sourceTree = "<group>";
		};
		30C64E9615D3A51600499319 /* BraingleTests */ = {
			isa = PBXGroup;
			children = (
				30C64E9C15D3A51600499319 /* BraingleTests.h */,
				30C64E9D15D3A51600499319 /* BraingleTests.m */,
				30C64E9715D3A51600499319 /* Supporting Files */,
			);
			path = BraingleTests;
			sourceTree = "<group>";
		};
		30C64E9715D3A51600499319 /* Supporting Files */ = {
			isa = PBXGroup;
			children = (
				30C64E9815D3A51600499319 /* BraingleTests-Info.plist */,
				30C64E9915D3A51600499319 /* InfoPlist.strings */,
			);
			name = "Supporting Files";
			sourceTree = "<group>";
		};
		30C64EBC15D3A59500499319 /* Common */ = {
			isa = PBXGroup;
			children = (
				30C64EBD15D3A59500499319 /* AppDelegate */,
				30C64EC015D3A59500499319 /* Config.h */,
				30C64EC115D3A59500499319 /* Database */,
				30C64EC415D3A59500499319 /* OpenUDID */,
				30C64EC715D3A59500499319 /* Reachability */,
			);
			path = Common;
			sourceTree = "<group>";
		};
		30C64EBD15D3A59500499319 /* AppDelegate */ = {
			isa = PBXGroup;
			children = (
				30C64EBE15D3A59500499319 /* AppDelegate.h */,
				30C64EBF15D3A59500499319 /* AppDelegate.m */,
			);
			path = AppDelegate;
			sourceTree = "<group>";
		};
		30C64EC115D3A59500499319 /* Database */ = {
			isa = PBXGroup;
			children = (
				30C64EC215D3A59500499319 /* Database.h */,
				30C64EC315D3A59500499319 /* Database.m */,
			);
			path = Database;
			sourceTree = "<group>";
		};
		30C64EC415D3A59500499319 /* OpenUDID */ = {
			isa = PBXGroup;
			children = (
				30C64EC515D3A59500499319 /* OpenUDID.h */,
				30C64EC615D3A59500499319 /* OpenUDID.m */,
			);
			path = OpenUDID;
			sourceTree = "<group>";
		};
		30C64EC715D3A59500499319 /* Reachability */ = {
			isa = PBXGroup;
			children = (
				30C64EC815D3A59500499319 /* Reachability.h */,
				30C64EC915D3A59500499319 /* Reachability.m */,
			);
			path = Reachability;
			sourceTree = "<group>";
		};
		30C64EDB15D3A5A800499319 /* HTML */ = {
			isa = PBXGroup;
			children = (
				30C64EDC15D3A5A800499319 /* InfoDesc.html */,
				30C64EDD15D3A5A800499319 /* TeaserDetailLandscape.html */,
				30C64EDE15D3A5A800499319 /* TeaserDetailPortrait.html */,
			);
			path = HTML;
			sourceTree = "<group>";
		};
		30C64EDF15D3A5A800499319 /* Images */ = {
			isa = PBXGroup;
			children = (
				30C64EE015D3A5A800499319 /* FavoriteImages */,
				30C64EE515D3A5A800499319 /* HomeViewIcons */,
				30C64F1115D3A5A800499319 /* icons */,
				30C64F1915D3A5A800499319 /* RatingImages */,
				30C64F4A15D3A5A800499319 /* SplashImages */,
			);
			path = Images;
			sourceTree = "<group>";
		};
		30C64EE015D3A5A800499319 /* FavoriteImages */ = {
			isa = PBXGroup;
			children = (
				30C64EE115D3A5A800499319 /* fav-active.png */,
				30C64EE215D3A5A800499319 /* fav-active@2x.png */,
				30C64EE315D3A5A800499319 /* fav.png */,
				30C64EE415D3A5A800499319 /* fav@2x.png */,
			);
			path = FavoriteImages;
			sourceTree = "<group>";
		};
		30C64EE515D3A5A800499319 /* HomeViewIcons */ = {
			isa = PBXGroup;
			children = (
				30C64EE615D3A5A800499319 /* All.png */,
				30C64EE715D3A5A800499319 /* All@2x.png */,
				30C64EE815D3A5A800499319 /* Cryptography.png */,
				30C64EE915D3A5A800499319 /* Cryptography@2x.png */,
				30C64EEA15D3A5A800499319 /* Favorites.png */,
				30C64EEB15D3A5A800499319 /* Favorites@2x.png */,
				30C64EEC15D3A5A800499319 /* Featured.png */,
				30C64EED15D3A5A800499319 /* Featured@2x.png */,
				30C64EEE15D3A5A800499319 /* Grid.png */,
				30C64EEF15D3A5A800499319 /* Grid@2x.png */,
				30C64EF015D3A5A800499319 /* Group.png */,
				30C64EF115D3A5A800499319 /* Group@2x.png */,
				30C64EF215D3A5A800499319 /* Language.png */,
				30C64EF315D3A5A800499319 /* Language@2x.png */,
				30C64EF415D3A5A800499319 /* Letter.png */,
				30C64EF515D3A5A800499319 /* Letter@2x.png */,
				30C64EF615D3A5A800499319 /* Logic.png */,
				30C64EF715D3A5A800499319 /* Logic@2x.png */,
				30C64EF815D3A5A800499319 /* Math.png */,
				30C64EF915D3A5A800499319 /* Math@2x.png */,
				30C64EFA15D3A5A800499319 /* Mystery.png */,
				30C64EFB15D3A5A800499319 /* Mystery@2x.png */,
				30C64EFC15D3A5A800499319 /* Optical.png */,
				30C64EFD15D3A5A800499319 /* Optical@2x.png */,
				30C64EFE15D3A5A800499319 /* Other.png */,
				30C64EFF15D3A5A800499319 /* Other@2x.png */,
				30C64F0015D3A5A800499319 /* Probability.png */,
				30C64F0115D3A5A800499319 /* Probability@2x.png */,
				30C64F0215D3A5A800499319 /* Rebus.png */,
				30C64F0315D3A5A800499319 /* Rebus@2x.png */,
				30C64F0415D3A5A800499319 /* Riddles.png */,
				30C64F0515D3A5A800499319 /* Riddles@2x.png */,
				30C64F0615D3A5A800499319 /* Science.png */,
				30C64F0715D3A5A800499319 /* Science@2x.png */,
				30C64F0815D3A5A800499319 /* Series.png */,
				30C64F0915D3A5A800499319 /* Series@2x.png */,
				30C64F0A15D3A5A800499319 /* Situation.png */,
				30C64F0B15D3A5A800499319 /* Situation@2x.png */,
				30C64F0C15D3A5A800499319 /* Thumbs.db */,
				30C64F0D15D3A5A800499319 /* Trick.png */,
				30C64F0E15D3A5A800499319 /* Trick@2x.png */,
				30C64F0F15D3A5A800499319 /* Trivia.png */,
				30C64F1015D3A5A800499319 /* Trivia@2x.png */,
			);
			path = HomeViewIcons;
			sourceTree = "<group>";
		};
		30C64F1115D3A5A800499319 /* icons */ = {
			isa = PBXGroup;
			children = (
				30C64F1215D3A5A800499319 /* Icon-72.png */,
				30C64F1315D3A5A800499319 /* Icon-Small-50.png */,
				30C64F1415D3A5A800499319 /* Icon-Small.png */,
				30C64F1515D3A5A800499319 /* Icon-Small@2x.png */,
				30C64F1615D3A5A800499319 /* Icon.png */,
				30C64F1715D3A5A800499319 /* Icon@2x.png */,
				30C64F1815D3A5A800499319 /* iTunesArtwork */,
			);
			path = icons;
			sourceTree = "<group>";
		};
		30C64F1915D3A5A800499319 /* RatingImages */ = {
			isa = PBXGroup;
			children = (
				30C64F1A15D3A5A800499319 /* g1.png */,
				30C64F1B15D3A5A800499319 /* g10.png */,
				30C64F1C15D3A5A800499319 /* g10@2x.png */,
				30C64F1D15D3A5A800499319 /* g1@2x.png */,
				30C64F1E15D3A5A800499319 /* g2.png */,
				30C64F1F15D3A5A800499319 /* g2@2x.png */,
				30C64F2015D3A5A800499319 /* g3.png */,
				30C64F2115D3A5A800499319 /* g3@2x.png */,
				30C64F2215D3A5A800499319 /* g4.png */,
				30C64F2315D3A5A800499319 /* g4@2x.png */,
				30C64F2415D3A5A800499319 /* g5.png */,
				30C64F2515D3A5A800499319 /* g5@2x.png */,
				30C64F2615D3A5A800499319 /* g6.png */,
				30C64F2715D3A5A800499319 /* g6@2x.png */,
				30C64F2815D3A5A800499319 /* g7.png */,
				30C64F2915D3A5A800499319 /* g7@2x.png */,
				30C64F2A15D3A5A800499319 /* g8.png */,
				30C64F2B15D3A5A800499319 /* g8@2x.png */,
				30C64F2C15D3A5A800499319 /* g9.png */,
				30C64F2D15D3A5A800499319 /* g9@2x.png */,
				30C64F2E15D3A5A800499319 /* gear0.png */,
				30C64F2F15D3A5A800499319 /* gear0@2x.png */,
				30C64F3015D3A5A800499319 /* gear1.png */,
				30C64F3115D3A5A800499319 /* gear1@2x.png */,
				30C64F3215D3A5A800499319 /* gear2.png */,
				30C64F3315D3A5A800499319 /* gear2@2x.png */,
				30C64F3415D3A5A800499319 /* s1.png */,
				30C64F3515D3A5A800499319 /* s10.png */,
				30C64F3615D3A5A800499319 /* s10@2x.png */,
				30C64F3715D3A5A800499319 /* s1@2x.png */,
				30C64F3815D3A5A800499319 /* s2.png */,
				30C64F3915D3A5A800499319 /* s2@2x.png */,
				30C64F3A15D3A5A800499319 /* s3.png */,
				30C64F3B15D3A5A800499319 /* s3@2x.png */,
				30C64F3C15D3A5A800499319 /* s4.png */,
				30C64F3D15D3A5A800499319 /* s4@2x.png */,
				30C64F3E15D3A5A800499319 /* s5.png */,
				30C64F3F15D3A5A800499319 /* s5@2x.png */,
				30C64F4015D3A5A800499319 /* s6.png */,
				30C64F4115D3A5A800499319 /* s6@2x.png */,
				30C64F4215D3A5A800499319 /* s7.png */,
				30C64F4315D3A5A800499319 /* s7@2x.png */,
				30C64F4415D3A5A800499319 /* s8.png */,
				30C64F4515D3A5A800499319 /* s8@2x.png */,
				30C64F4615D3A5A800499319 /* s9.png */,
				30C64F4715D3A5A800499319 /* s9@2x.png */,
				30C64F4815D3A5A800499319 /* star0.png */,
				30C64F4915D3A5A800499319 /* star0@2x.png */,
			);
			path = RatingImages;
			sourceTree = "<group>";
		};
		30C64F4A15D3A5A800499319 /* SplashImages */ = {
			isa = PBXGroup;
			children = (
				30C64F4B15D3A5A800499319 /* Default-Landscape.png */,
				30C64F4C15D3A5A800499319 /* Default-Landscape@2x.png */,
				30C64F4D15D3A5A800499319 /* Default-Portrait.png */,
				30C64F4E15D3A5A800499319 /* Default-Portrait@2x.png */,
				30C64F4F15D3A5A800499319 /* Default.png */,
				30C64F5015D3A5A800499319 /* Default@2x.png */,
			);
			path = SplashImages;
			sourceTree = "<group>";
		};
/* End PBXGroup section */

/* Begin PBXNativeTarget section */
		306391E115DFACCE00901C7A /* BraingleLogicTests */ = {
			isa = PBXNativeTarget;
			buildConfigurationList = 306391F015DFACCE00901C7A /* Build configuration list for PBXNativeTarget "BraingleLogicTests" */;
			buildPhases = (
				306391DD15DFACCE00901C7A /* Sources */,
				306391DE15DFACCE00901C7A /* Frameworks */,
				306391DF15DFACCE00901C7A /* Resources */,
				306391E015DFACCE00901C7A /* ShellScript */,
			);
			buildRules = (
			);
			dependencies = (
			);
			name = BraingleLogicTests;
			productName = BraingleLogicTests;
			productReference = 306391E215DFACCE00901C7A /* BraingleLogicTests.octest */;
			productType = "com.apple.product-type.bundle";
		};
		30C64E6115D3A51500499319 /* Braingle */ = {
			isa = PBXNativeTarget;
			buildConfigurationList = 30C64EA115D3A51600499319 /* Build configuration list for PBXNativeTarget "Braingle" */;
			buildPhases = (
				30C64E5E15D3A51500499319 /* Sources */,
				30C64E5F15D3A51500499319 /* Frameworks */,
				30C64E6015D3A51500499319 /* Resources */,
			);
			buildRules = (
			);
			dependencies = (
			);
			name = Braingle;
			productName = Braingle;
			productReference = 30C64E6215D3A51500499319 /* Braingle.app */;
			productType = "com.apple.product-type.application";
		};
		30C64E8E15D3A51600499319 /* BraingleTests */ = {
			isa = PBXNativeTarget;
			buildConfigurationList = 30C64EA415D3A51600499319 /* Build configuration list for PBXNativeTarget "BraingleTests" */;
			buildPhases = (
				30C64E8A15D3A51600499319 /* Sources */,
				30C64E8B15D3A51600499319 /* Frameworks */,
				30C64E8C15D3A51600499319 /* Resources */,
				30C64E8D15D3A51600499319 /* ShellScript */,
			);
			buildRules = (
			);
			dependencies = (
				30C64E9515D3A51600499319 /* PBXTargetDependency */,
			);
			name = BraingleTests;
			productName = BraingleTests;
			productReference = 30C64E8F15D3A51600499319 /* BraingleTests.octest */;
			productType = "com.apple.product-type.bundle";
		};
/* End PBXNativeTarget section */

/* Begin PBXProject section */
		30C64E5915D3A51500499319 /* Project object */ = {
			isa = PBXProject;
			attributes = {
				LastUpgradeCheck = 0430;
			};
			buildConfigurationList = 30C64E5C15D3A51500499319 /* Build configuration list for PBXProject "Braingle" */;
			compatibilityVersion = "Xcode 3.2";
			developmentRegion = English;
			hasScannedForEncodings = 0;
			knownRegions = (
				en,
			);
			mainGroup = 30C64E5715D3A51500499319;
			productRefGroup = 30C64E6315D3A51500499319 /* Products */;
			projectDirPath = "";
			projectRoot = "";
			targets = (
				30C64E6115D3A51500499319 /* Braingle */,
				30C64E8E15D3A51600499319 /* BraingleTests */,
				306391E115DFACCE00901C7A /* BraingleLogicTests */,
			);
		};
/* End PBXProject section */

/* Begin PBXResourcesBuildPhase section */
		306391DF15DFACCE00901C7A /* Resources */ = {
			isa = PBXResourcesBuildPhase;
			buildActionMask = 2147483647;
			files = (
				306391EB15DFACCE00901C7A /* InfoPlist.strings in Resources */,
			);
			runOnlyForDeploymentPostprocessing = 0;
		};
		30C64E6015D3A51500499319 /* Resources */ = {
			isa = PBXResourcesBuildPhase;
			buildActionMask = 2147483647;
			files = (
				30C64E7115D3A51500499319 /* InfoPlist.strings in Resources */,
				30C64F5115D3A5A800499319 /* Braingle_DB.sqlite in Resources */,
				30C64F5215D3A5A800499319 /* InfoDesc.html in Resources */,
				30C64F5315D3A5A800499319 /* TeaserDetailLandscape.html in Resources */,
				30C64F5415D3A5A800499319 /* TeaserDetailPortrait.html in Resources */,
				30C64F5515D3A5A800499319 /* fav-active.png in Resources */,
				30C64F5615D3A5A800499319 /* fav-active@2x.png in Resources */,
				30C64F5715D3A5A800499319 /* fav.png in Resources */,
				30C64F5815D3A5A800499319 /* fav@2x.png in Resources */,
				30C64F5915D3A5A800499319 /* All.png in Resources */,
				30C64F5A15D3A5A800499319 /* All@2x.png in Resources */,
				30C64F5B15D3A5A800499319 /* Cryptography.png in Resources */,
				30C64F5C15D3A5A800499319 /* Cryptography@2x.png in Resources */,
				30C64F5D15D3A5A800499319 /* Favorites.png in Resources */,
				30C64F5E15D3A5A800499319 /* Favorites@2x.png in Resources */,
				30C64F5F15D3A5A800499319 /* Featured.png in Resources */,
				30C64F6015D3A5A800499319 /* Featured@2x.png in Resources */,
				30C64F6115D3A5A800499319 /* Grid.png in Resources */,
				30C64F6215D3A5A800499319 /* Grid@2x.png in Resources */,
				30C64F6315D3A5A800499319 /* Group.png in Resources */,
				30C64F6415D3A5A800499319 /* Group@2x.png in Resources */,
				30C64F6515D3A5A800499319 /* Language.png in Resources */,
				30C64F6615D3A5A800499319 /* Language@2x.png in Resources */,
				30C64F6715D3A5A800499319 /* Letter.png in Resources */,
				30C64F6815D3A5A800499319 /* Letter@2x.png in Resources */,
				30C64F6915D3A5A800499319 /* Logic.png in Resources */,
				30C64F6A15D3A5A800499319 /* Logic@2x.png in Resources */,
				30C64F6B15D3A5A800499319 /* Math.png in Resources */,
				30C64F6C15D3A5A800499319 /* Math@2x.png in Resources */,
				30C64F6D15D3A5A800499319 /* Mystery.png in Resources */,
				30C64F6E15D3A5A800499319 /* Mystery@2x.png in Resources */,
				30C64F6F15D3A5A800499319 /* Optical.png in Resources */,
				30C64F7015D3A5A800499319 /* Optical@2x.png in Resources */,
				30C64F7115D3A5A800499319 /* Other.png in Resources */,
				30C64F7215D3A5A800499319 /* Other@2x.png in Resources */,
				30C64F7315D3A5A800499319 /* Probability.png in Resources */,
				30C64F7415D3A5A800499319 /* Probability@2x.png in Resources */,
				30C64F7515D3A5A800499319 /* Rebus.png in Resources */,
				30C64F7615D3A5A800499319 /* Rebus@2x.png in Resources */,
				30C64F7715D3A5A800499319 /* Riddles.png in Resources */,
				30C64F7815D3A5A800499319 /* Riddles@2x.png in Resources */,
				30C64F7915D3A5A800499319 /* Science.png in Resources */,
				30C64F7A15D3A5A800499319 /* Science@2x.png in Resources */,
				30C64F7B15D3A5A800499319 /* Series.png in Resources */,
				30C64F7C15D3A5A800499319 /* Series@2x.png in Resources */,
				30C64F7D15D3A5A800499319 /* Situation.png in Resources */,
				30C64F7E15D3A5A800499319 /* Situation@2x.png in Resources */,
				30C64F7F15D3A5A800499319 /* Thumbs.db in Resources */,
				30C64F8015D3A5A800499319 /* Trick.png in Resources */,
				30C64F8115D3A5A800499319 /* Trick@2x.png in Resources */,
				30C64F8215D3A5A800499319 /* Trivia.png in Resources */,
				30C64F8315D3A5A800499319 /* Trivia@2x.png in Resources */,
				30C64F8415D3A5A800499319 /* Icon-72.png in Resources */,
				30C64F8515D3A5A800499319 /* Icon-Small-50.png in Resources */,
				30C64F8615D3A5A800499319 /* Icon-Small.png in Resources */,
				30C64F8715D3A5A800499319 /* Icon-Small@2x.png in Resources */,
				30C64F8815D3A5A800499319 /* Icon.png in Resources */,
				30C64F8915D3A5A800499319 /* Icon@2x.png in Resources */,
				30C64F8A15D3A5A800499319 /* iTunesArtwork in Resources */,
				30C64F8B15D3A5A800499319 /* g1.png in Resources */,
				30C64F8C15D3A5A800499319 /* g10.png in Resources */,
				30C64F8D15D3A5A800499319 /* g10@2x.png in Resources */,
				30C64F8E15D3A5A800499319 /* g1@2x.png in Resources */,
				30C64F8F15D3A5A800499319 /* g2.png in Resources */,
				30C64F9015D3A5A800499319 /* g2@2x.png in Resources */,
				30C64F9115D3A5A800499319 /* g3.png in Resources */,
				30C64F9215D3A5A800499319 /* g3@2x.png in Resources */,
				30C64F9315D3A5A800499319 /* g4.png in Resources */,
				30C64F9415D3A5A800499319 /* g4@2x.png in Resources */,
				30C64F9515D3A5A800499319 /* g5.png in Resources */,
				30C64F9615D3A5A800499319 /* g5@2x.png in Resources */,
				30C64F9715D3A5A800499319 /* g6.png in Resources */,
				30C64F9815D3A5A800499319 /* g6@2x.png in Resources */,
				30C64F9915D3A5A800499319 /* g7.png in Resources */,
				30C64F9A15D3A5A800499319 /* g7@2x.png in Resources */,
				30C64F9B15D3A5A800499319 /* g8.png in Resources */,
				30C64F9C15D3A5A800499319 /* g8@2x.png in Resources */,
				30C64F9D15D3A5A800499319 /* g9.png in Resources */,
				30C64F9E15D3A5A800499319 /* g9@2x.png in Resources */,
				30C64F9F15D3A5A800499319 /* gear0.png in Resources */,
				30C64FA015D3A5A800499319 /* gear0@2x.png in Resources */,
				30C64FA115D3A5A800499319 /* gear1.png in Resources */,
				30C64FA215D3A5A800499319 /* gear1@2x.png in Resources */,
				30C64FA315D3A5A800499319 /* gear2.png in Resources */,
				30C64FA415D3A5A800499319 /* gear2@2x.png in Resources */,
				30C64FA515D3A5A800499319 /* s1.png in Resources */,
				30C64FA615D3A5A800499319 /* s10.png in Resources */,
				30C64FA715D3A5A800499319 /* s10@2x.png in Resources */,
				30C64FA815D3A5A800499319 /* s1@2x.png in Resources */,
				30C64FA915D3A5A800499319 /* s2.png in Resources */,
				30C64FAA15D3A5A800499319 /* s2@2x.png in Resources */,
				30C64FAB15D3A5A800499319 /* s3.png in Resources */,
				30C64FAC15D3A5A800499319 /* s3@2x.png in Resources */,
				30C64FAD15D3A5A800499319 /* s4.png in Resources */,
				30C64FAE15D3A5A800499319 /* s4@2x.png in Resources */,
				30C64FAF15D3A5A800499319 /* s5.png in Resources */,
				30C64FB015D3A5A800499319 /* s5@2x.png in Resources */,
				30C64FB115D3A5A800499319 /* s6.png in Resources */,
				30C64FB215D3A5A800499319 /* s6@2x.png in Resources */,
				30C64FB315D3A5A800499319 /* s7.png in Resources */,
				30C64FB415D3A5A800499319 /* s7@2x.png in Resources */,
				30C64FB515D3A5A800499319 /* s8.png in Resources */,
				30C64FB615D3A5A800499319 /* s8@2x.png in Resources */,
				30C64FB715D3A5A800499319 /* s9.png in Resources */,
				30C64FB815D3A5A800499319 /* s9@2x.png in Resources */,
				30C64FB915D3A5A800499319 /* star0.png in Resources */,
				30C64FBA15D3A5A800499319 /* star0@2x.png in Resources */,
				30C64FBB15D3A5A800499319 /* Default-Landscape.png in Resources */,
				30C64FBC15D3A5A800499319 /* Default-Landscape@2x.png in Resources */,
				30C64FBD15D3A5A800499319 /* Default-Portrait.png in Resources */,
				30C64FBE15D3A5A800499319 /* Default-Portrait@2x.png in Resources */,
				30C64FBF15D3A5A800499319 /* Default.png in Resources */,
				30C64FC015D3A5A800499319 /* Default@2x.png in Resources */,
				30A6EFAF15D3A8EB0090C88D /* BrainTeaserViewController_iPad.xib in Resources */,
				30A6EFB015D3A8EB0090C88D /* BrainTeaserViewController_iPhone.xib in Resources */,
				30A6EFB215D3A8EB0090C88D /* DetailViewController_iPad.xib in Resources */,
				30A6EFB315D3A8EB0090C88D /* DetailViewController_iPhone.xib in Resources */,
				30A6EFB515D3A8EB0090C88D /* InfoViewController_iPad.xib in Resources */,
				30A6EFB615D3A8EB0090C88D /* InfoViewController_iPhone.xib in Resources */,
				30A6EFB815D3A8EB0090C88D /* MasterViewController_iPad.xib in Resources */,
				30A6EFB915D3A8EB0090C88D /* MasterViewController_iPhone.xib in Resources */,
			);
			runOnlyForDeploymentPostprocessing = 0;
		};
		30C64E8C15D3A51600499319 /* Resources */ = {
			isa = PBXResourcesBuildPhase;
			buildActionMask = 2147483647;
			files = (
				0083B56515D3F0D0007AA170 /* BraingleTests.h in Resources */,
				30C64E9B15D3A51600499319 /* InfoPlist.strings in Resources */,
			);
			runOnlyForDeploymentPostprocessing = 0;
		};
/* End PBXResourcesBuildPhase section */

/* Begin PBXShellScriptBuildPhase section */
		306391E015DFACCE00901C7A /* ShellScript */ = {
			isa = PBXShellScriptBuildPhase;
			buildActionMask = 2147483647;
			files = (
			);
			inputPaths = (
			);
			outputPaths = (
			);
			runOnlyForDeploymentPostprocessing = 0;
			shellPath = /bin/sh;
			shellScript = "# Run the unit tests in this test bundle.\n\"${SYSTEM_DEVELOPER_DIR}/Tools/RunUnitTests\"\n";
		};
		30C64E8D15D3A51600499319 /* ShellScript */ = {
			isa = PBXShellScriptBuildPhase;
			buildActionMask = 2147483647;
			files = (
			);
			inputPaths = (
			);
			outputPaths = (
			);
			runOnlyForDeploymentPostprocessing = 0;
			shellPath = /bin/sh;
			shellScript = "# Run the unit tests in this test bundle.\n\"${SYSTEM_DEVELOPER_DIR}/Tools/RunUnitTests\"\n";
		};
/* End PBXShellScriptBuildPhase section */

/* Begin PBXSourcesBuildPhase section */
		306391DD15DFACCE00901C7A /* Sources */ = {
			isa = PBXSourcesBuildPhase;
			buildActionMask = 2147483647;
			files = (
				306391EE15DFACCE00901C7A /* BraingleLogicTests.m in Sources */,
			);
			runOnlyForDeploymentPostprocessing = 0;
		};
		30C64E5E15D3A51500499319 /* Sources */ = {
			isa = PBXSourcesBuildPhase;
			buildActionMask = 2147483647;
			files = (
				30C64E7315D3A51500499319 /* main.m in Sources */,
				30C64ED615D3A59500499319 /* AppDelegate.m in Sources */,
				30C64ED715D3A59500499319 /* Database.m in Sources */,
				30C64ED815D3A59500499319 /* OpenUDID.m in Sources */,
				30C64ED915D3A59500499319 /* Reachability.m in Sources */,
				30A6EFAE15D3A8EB0090C88D /* BrainTeaserViewController.m in Sources */,
				30A6EFB115D3A8EB0090C88D /* DetailViewController.m in Sources */,
				30A6EFB415D3A8EB0090C88D /* InfoViewController.m in Sources */,
				30A6EFB715D3A8EB0090C88D /* MasterViewController.m in Sources */,
			);
			runOnlyForDeploymentPostprocessing = 0;
		};
		30C64E8A15D3A51600499319 /* Sources */ = {
			isa = PBXSourcesBuildPhase;
			buildActionMask = 2147483647;
			files = (
				30C64E9E15D3A51600499319 /* BraingleTests.m in Sources */,
			);
			runOnlyForDeploymentPostprocessing = 0;
		};
/* End PBXSourcesBuildPhase section */

/* Begin PBXTargetDependency section */
		30C64E9515D3A51600499319 /* PBXTargetDependency */ = {
			isa = PBXTargetDependency;
			target = 30C64E6115D3A51500499319 /* Braingle */;
			targetProxy = 30C64E9415D3A51600499319 /* PBXContainerItemProxy */;
		};
/* End PBXTargetDependency section */

/* Begin PBXVariantGroup section */
		306391E915DFACCE00901C7A /* InfoPlist.strings */ = {
			isa = PBXVariantGroup;
			children = (
				306391EA15DFACCE00901C7A /* en */,
			);
			name = InfoPlist.strings;
			sourceTree = "<group>";
		};
		30C64E6F15D3A51500499319 /* InfoPlist.strings */ = {
			isa = PBXVariantGroup;
			children = (
				30C64E7015D3A51500499319 /* en */,
			);
			name = InfoPlist.strings;
			sourceTree = "<group>";
		};
		30C64E9915D3A51600499319 /* InfoPlist.strings */ = {
			isa = PBXVariantGroup;
			children = (
				30C64E9A15D3A51600499319 /* en */,
			);
			name = InfoPlist.strings;
			sourceTree = "<group>";
		};
/* End PBXVariantGroup section */

/* Begin XCBuildConfiguration section */
		306391F115DFACCE00901C7A /* Debug */ = {
			isa = XCBuildConfiguration;
			buildSettings = {
				FRAMEWORK_SEARCH_PATHS = (
					"$(SDKROOT)/Developer/Library/Frameworks",
					"$(DEVELOPER_LIBRARY_DIR)/Frameworks",
				);
				GCC_PRECOMPILE_PREFIX_HEADER = YES;
				GCC_PREFIX_HEADER = "BraingleLogicTests/BraingleLogicTests-Prefix.pch";
				INFOPLIST_FILE = "BraingleLogicTests/BraingleLogicTests-Info.plist";
				IPHONEOS_DEPLOYMENT_TARGET = 5.1;
				PRODUCT_NAME = "$(TARGET_NAME)";
				WRAPPER_EXTENSION = octest;
			};
			name = Debug;
		};
		306391F215DFACCE00901C7A /* Release */ = {
			isa = XCBuildConfiguration;
			buildSettings = {
				FRAMEWORK_SEARCH_PATHS = (
					"$(SDKROOT)/Developer/Library/Frameworks",
					"$(DEVELOPER_LIBRARY_DIR)/Frameworks",
				);
				GCC_PRECOMPILE_PREFIX_HEADER = YES;
				GCC_PREFIX_HEADER = "BraingleLogicTests/BraingleLogicTests-Prefix.pch";
				INFOPLIST_FILE = "BraingleLogicTests/BraingleLogicTests-Info.plist";
				IPHONEOS_DEPLOYMENT_TARGET = 5.1;
				PRODUCT_NAME = "$(TARGET_NAME)";
				WRAPPER_EXTENSION = octest;
			};
			name = Release;
		};
		30C64E9F15D3A51600499319 /* Debug */ = {
			isa = XCBuildConfiguration;
			buildSettings = {
				ALWAYS_SEARCH_USER_PATHS = NO;
				ARCHS = "$(ARCHS_STANDARD_32_BIT)";
				CLANG_ENABLE_OBJC_ARC = YES;
				CODE_SIGN_IDENTITY = "iPhone Developer: Keyar Srinivasan (VDMUX9P6GV)";
				"CODE_SIGN_IDENTITY[sdk=iphoneos*]" = "iPhone Developer: Keyar Srinivasan (VDMUX9P6GV)";
				COPY_PHASE_STRIP = NO;
				GCC_C_LANGUAGE_STANDARD = gnu99;
				GCC_DYNAMIC_NO_PIC = NO;
				GCC_OPTIMIZATION_LEVEL = 0;
				GCC_PREPROCESSOR_DEFINITIONS = (
					"DEBUG=1",
					"$(inherited)",
				);
				GCC_SYMBOLS_PRIVATE_EXTERN = NO;
				GCC_VERSION = com.apple.compilers.llvm.clang.1_0;
				GCC_WARN_ABOUT_RETURN_TYPE = YES;
				GCC_WARN_UNINITIALIZED_AUTOS = YES;
				GCC_WARN_UNUSED_VARIABLE = YES;
				IPHONEOS_DEPLOYMENT_TARGET = 4.0;
				PROVISIONING_PROFILE = "3CC62106-9F56-4A6C-84A3-C5176493DF9D";
				"PROVISIONING_PROFILE[sdk=iphoneos*]" = "3CC62106-9F56-4A6C-84A3-C5176493DF9D";
				SDKROOT = iphoneos;
				TARGETED_DEVICE_FAMILY = "1,2";
			};
			name = Debug;
		};
		30C64EA015D3A51600499319 /* Release */ = {
			isa = XCBuildConfiguration;
			buildSettings = {
				ALWAYS_SEARCH_USER_PATHS = NO;
				ARCHS = "$(ARCHS_STANDARD_32_BIT)";
				CLANG_ENABLE_OBJC_ARC = YES;
				CODE_SIGN_IDENTITY = "iPhone Developer";
				"CODE_SIGN_IDENTITY[sdk=iphoneos*]" = "iPhone Distribution";
				COPY_PHASE_STRIP = YES;
				GCC_C_LANGUAGE_STANDARD = gnu99;
				GCC_VERSION = com.apple.compilers.llvm.clang.1_0;
				GCC_WARN_ABOUT_RETURN_TYPE = YES;
				GCC_WARN_UNINITIALIZED_AUTOS = YES;
				GCC_WARN_UNUSED_VARIABLE = YES;
				IPHONEOS_DEPLOYMENT_TARGET = 4.0;
				OTHER_CFLAGS = "-DNS_BLOCK_ASSERTIONS=1";
				PROVISIONING_PROFILE = "";
				"PROVISIONING_PROFILE[sdk=iphoneos*]" = "";
				SDKROOT = iphoneos;
				TARGETED_DEVICE_FAMILY = "1,2";
				VALIDATE_PRODUCT = YES;
			};
			name = Release;
		};
		30C64EA215D3A51600499319 /* Debug */ = {
			isa = XCBuildConfiguration;
			buildSettings = {
				CLANG_ENABLE_OBJC_ARC = YES;
				CODE_SIGN_IDENTITY = "iPhone Developer: Keyar Srinivasan (VDMUX9P6GV)";
				"CODE_SIGN_IDENTITY[sdk=iphoneos*]" = "iPhone Developer: Keyar Srinivasan (VDMUX9P6GV)";
				GCC_PRECOMPILE_PREFIX_HEADER = YES;
				GCC_PREFIX_HEADER = "Braingle/Braingle-Prefix.pch";
				INFOPLIST_FILE = "Braingle/Braingle-Info.plist";
				IPHONEOS_DEPLOYMENT_TARGET = 4.0;
				PRODUCT_NAME = "$(TARGET_NAME)";
				PROVISIONING_PROFILE = "FE103B92-3E55-4847-8E2E-D4B38AEBBA9B";
				"PROVISIONING_PROFILE[sdk=iphoneos*]" = "FE103B92-3E55-4847-8E2E-D4B38AEBBA9B";
				WRAPPER_EXTENSION = app;
			};
			name = Debug;
		};
		30C64EA315D3A51600499319 /* Release */ = {
			isa = XCBuildConfiguration;
			buildSettings = {
				CLANG_ENABLE_OBJC_ARC = YES;
				CODE_SIGN_IDENTITY = "iPhone Distribution";
				"CODE_SIGN_IDENTITY[sdk=iphoneos*]" = "iPhone Distribution";
				GCC_PRECOMPILE_PREFIX_HEADER = YES;
				GCC_PREFIX_HEADER = "Braingle/Braingle-Prefix.pch";
				INFOPLIST_FILE = "Braingle/Braingle-Info.plist";
				IPHONEOS_DEPLOYMENT_TARGET = 4.0;
				PRODUCT_NAME = "$(TARGET_NAME)";
				PROVISIONING_PROFILE = "";
				"PROVISIONING_PROFILE[sdk=iphoneos*]" = "";
				WRAPPER_EXTENSION = app;
			};
			name = Release;
		};
		30C64EA515D3A51600499319 /* Debug */ = {
			isa = XCBuildConfiguration;
			buildSettings = {
				BUNDLE_LOADER = "$(BUILT_PRODUCTS_DIR)/Braingle.app/Braingle";
				FRAMEWORK_SEARCH_PATHS = (
					"$(SDKROOT)/Developer/Library/Frameworks",
					"$(DEVELOPER_LIBRARY_DIR)/Frameworks",
				);
				GCC_PRECOMPILE_PREFIX_HEADER = YES;
				GCC_PREFIX_HEADER = "Braingle/Braingle-Prefix.pch";
				INFOPLIST_FILE = "BraingleTests/BraingleTests-Info.plist";
				PRODUCT_NAME = "$(TARGET_NAME)";
				TEST_HOST = "$(BUNDLE_LOADER)";
				WRAPPER_EXTENSION = octest;
			};
			name = Debug;
		};
		30C64EA615D3A51600499319 /* Release */ = {
			isa = XCBuildConfiguration;
			buildSettings = {
				BUNDLE_LOADER = "$(BUILT_PRODUCTS_DIR)/Braingle.app/Braingle";
				FRAMEWORK_SEARCH_PATHS = (
					"$(SDKROOT)/Developer/Library/Frameworks",
					"$(DEVELOPER_LIBRARY_DIR)/Frameworks",
				);
				GCC_PRECOMPILE_PREFIX_HEADER = YES;
				GCC_PREFIX_HEADER = "Braingle/Braingle-Prefix.pch";
				INFOPLIST_FILE = "BraingleTests/BraingleTests-Info.plist";
				PRODUCT_NAME = "$(TARGET_NAME)";
				TEST_HOST = "$(BUNDLE_LOADER)";
				WRAPPER_EXTENSION = octest;
			};
			name = Release;
		};
/* End XCBuildConfiguration section */

/* Begin XCConfigurationList section */
		306391F015DFACCE00901C7A /* Build configuration list for PBXNativeTarget "BraingleLogicTests" */ = {
			isa = XCConfigurationList;
			buildConfigurations = (
				306391F115DFACCE00901C7A /* Debug */,
				306391F215DFACCE00901C7A /* Release */,
			);
			defaultConfigurationIsVisible = 0;
			defaultConfigurationName = Release;
		};
		30C64E5C15D3A51500499319 /* Build configuration list for PBXProject "Braingle" */ = {
			isa = XCConfigurationList;
			buildConfigurations = (
				30C64E9F15D3A51600499319 /* Debug */,
				30C64EA015D3A51600499319 /* Release */,
			);
			defaultConfigurationIsVisible = 0;
			defaultConfigurationName = Release;
		};
		30C64EA115D3A51600499319 /* Build configuration list for PBXNativeTarget "Braingle" */ = {
			isa = XCConfigurationList;
			buildConfigurations = (
				30C64EA215D3A51600499319 /* Debug */,
				30C64EA315D3A51600499319 /* Release */,
			);
			defaultConfigurationIsVisible = 0;
			defaultConfigurationName = Release;
		};
		30C64EA415D3A51600499319 /* Build configuration list for PBXNativeTarget "BraingleTests" */ = {
			isa = XCConfigurationList;
			buildConfigurations = (
				30C64EA515D3A51600499319 /* Debug */,
				30C64EA615D3A51600499319 /* Release */,
			);
			defaultConfigurationIsVisible = 0;
			defaultConfigurationName = Release;
		};
/* End XCConfigurationList section */
	};
	rootObject = 30C64E5915D3A51500499319 /* Project object */;
}
